// !$*UTF8*$!
{
	archiveVersion = 1;
	classes = {
	};
	objectVersion = 46;
	objects = {

/* Begin PBXBuildFile section */
		570EACA320BF920E000E2618 /* kemarmicdata.cpp in Sources */ = {isa = PBXBuildFile; fileRef = 570EACA220BF920D000E2618 /* kemarmicdata.cpp */; };
		570EACA620BF9217000E2618 /* kemarmicdata.cpp in Sources */ = {isa = PBXBuildFile; fileRef = 570EACA220BF920D000E2618 /* kemarmicdata.cpp */; };
		570EACA720BF9217000E2618 /* kemarmicdata.cpp in Sources */ = {isa = PBXBuildFile; fileRef = 570EACA220BF920D000E2618 /* kemarmicdata.cpp */; };
		570EACA820BF9410000E2618 /* kemarmicdata.cpp in Sources */ = {isa = PBXBuildFile; fileRef = 570EACA220BF920D000E2618 /* kemarmicdata.cpp */; };
		5722E2421C9ECB49007FCF59 /* delayfilter.cpp in Sources */ = {isa = PBXBuildFile; fileRef = 5722E2401C9ECB49007FCF59 /* delayfilter.cpp */; };
		5722E2431C9ECB49007FCF59 /* delayfilter.cpp in Sources */ = {isa = PBXBuildFile; fileRef = 5722E2401C9ECB49007FCF59 /* delayfilter.cpp */; };
		572A878319C0712500F62F8F /* ambisonics.cpp in Sources */ = {isa = PBXBuildFile; fileRef = 57F7B3C015D3DF0500D4E64A /* ambisonics.cpp */; };
		572A878419C0712500F62F8F /* freefieldsimulation.cpp in Sources */ = {isa = PBXBuildFile; fileRef = 578E967215D128820094FBBE /* freefieldsimulation.cpp */; };
		572A878519C0712500F62F8F /* sphericalmic.cpp in Sources */ = {isa = PBXBuildFile; fileRef = 578751E715AE01590008761C /* sphericalmic.cpp */; };
		572A878719C0712500F62F8F /* kemarmic.cpp in Sources */ = {isa = PBXBuildFile; fileRef = 57A156DC1593460A00AA6445 /* kemarmic.cpp */; };
		572A878819C0712500F62F8F /* microphone.cpp in Sources */ = {isa = PBXBuildFile; fileRef = 57A156DF1593460A00AA6445 /* microphone.cpp */; };
		572A878D19C0712500F62F8F /* propagationline.cpp in Sources */ = {isa = PBXBuildFile; fileRef = 57895F5D16304F18002C962B /* propagationline.cpp */; };
		572A878F19C0712500F62F8F /* wavhandler.cpp in Sources */ = {isa = PBXBuildFile; fileRef = 5768D6231639CFFB00F557B8 /* wavhandler.cpp */; };
		572C3BEB1B35F9CF0071BB39 /* Accelerate.framework in Frameworks */ = {isa = PBXBuildFile; fileRef = 572C3BEA1B35F9CF0071BB39 /* Accelerate.framework */; };
		57444D2A1B1776A400EC31F4 /* cipicmic.cpp in Sources */ = {isa = PBXBuildFile; fileRef = 57444D281B1776A400EC31F4 /* cipicmic.cpp */; };
		57444D2B1B1776A400EC31F4 /* cipicmic.cpp in Sources */ = {isa = PBXBuildFile; fileRef = 57444D281B1776A400EC31F4 /* cipicmic.cpp */; };
		5759540F174123EE0015B9A0 /* ambisonics.cpp in Sources */ = {isa = PBXBuildFile; fileRef = 57F7B3C015D3DF0500D4E64A /* ambisonics.cpp */; };
		57595410174123EE0015B9A0 /* freefieldsimulation.cpp in Sources */ = {isa = PBXBuildFile; fileRef = 578E967215D128820094FBBE /* freefieldsimulation.cpp */; };
		5768D6251639CFFB00F557B8 /* wavhandler.cpp in Sources */ = {isa = PBXBuildFile; fileRef = 5768D6231639CFFB00F557B8 /* wavhandler.cpp */; };
		576C17D120853C7D00EFBACE /* audiobuffer_test.cpp in Sources */ = {isa = PBXBuildFile; fileRef = 57F13C0B2084D31C002CC480 /* audiobuffer_test.cpp */; };
		576C17D320853C7F00EFBACE /* microphone_test.cpp in Sources */ = {isa = PBXBuildFile; fileRef = 57B4EF8B1CD81AB400134991 /* microphone_test.cpp */; };
		576C17D520853C8A00EFBACE /* salutilities_test.cpp in Sources */ = {isa = PBXBuildFile; fileRef = 5787B4F0208031060068C104 /* salutilities_test.cpp */; };
		576C17D92085636700EFBACE /* cipicmic.cpp in Sources */ = {isa = PBXBuildFile; fileRef = 57444D281B1776A400EC31F4 /* cipicmic.cpp */; };
		576C17DA2085646B00EFBACE /* wavhandler.cpp in Sources */ = {isa = PBXBuildFile; fileRef = 5768D6231639CFFB00F557B8 /* wavhandler.cpp */; };
		576C17DB208564A700EFBACE /* cipicmic_test.cpp in Sources */ = {isa = PBXBuildFile; fileRef = 57B4EF871CD81AB400134991 /* cipicmic_test.cpp */; };
		576C17DC20856F4E00EFBACE /* kemarmic.cpp in Sources */ = {isa = PBXBuildFile; fileRef = 57A156DC1593460A00AA6445 /* kemarmic.cpp */; };
		576C17DD20856F5F00EFBACE /* kemarmic_test.cpp in Sources */ = {isa = PBXBuildFile; fileRef = 57B4EF8A1CD81AB400134991 /* kemarmic_test.cpp */; };
		5778112520600683004B9C6F /* ism.cpp in Sources */ = {isa = PBXBuildFile; fileRef = 5778111E20600683004B9C6F /* ism.cpp */; };
		5778112620600683004B9C6F /* ism.cpp in Sources */ = {isa = PBXBuildFile; fileRef = 5778111E20600683004B9C6F /* ism.cpp */; };
		5778112820600683004B9C6F /* tdbem.cpp in Sources */ = {isa = PBXBuildFile; fileRef = 5778112020600683004B9C6F /* tdbem.cpp */; };
		5778112920600683004B9C6F /* tdbem.cpp in Sources */ = {isa = PBXBuildFile; fileRef = 5778112020600683004B9C6F /* tdbem.cpp */; };
		5778112B20600683004B9C6F /* cuboidroom.cpp in Sources */ = {isa = PBXBuildFile; fileRef = 5778112120600683004B9C6F /* cuboidroom.cpp */; };
		5778112C20600683004B9C6F /* cuboidroom.cpp in Sources */ = {isa = PBXBuildFile; fileRef = 5778112120600683004B9C6F /* cuboidroom.cpp */; };
		5778112E20600683004B9C6F /* riranalysis.cpp in Sources */ = {isa = PBXBuildFile; fileRef = 5778112220600683004B9C6F /* riranalysis.cpp */; };
		5778112F20600683004B9C6F /* riranalysis.cpp in Sources */ = {isa = PBXBuildFile; fileRef = 5778112220600683004B9C6F /* riranalysis.cpp */; };
		5778113120600683004B9C6F /* fdtd.cpp in Sources */ = {isa = PBXBuildFile; fileRef = 5778112320600683004B9C6F /* fdtd.cpp */; };
		5778113220600683004B9C6F /* fdtd.cpp in Sources */ = {isa = PBXBuildFile; fileRef = 5778112320600683004B9C6F /* fdtd.cpp */; };
		57895F6216304F18002C962B /* propagationline.cpp in Sources */ = {isa = PBXBuildFile; fileRef = 57895F5D16304F18002C962B /* propagationline.cpp */; };
		578A62271D89346200233890 /* source.cpp in Sources */ = {isa = PBXBuildFile; fileRef = 578A62251D89346200233890 /* source.cpp */; };
		578A62281D89346200233890 /* source.cpp in Sources */ = {isa = PBXBuildFile; fileRef = 578A62251D89346200233890 /* source.cpp */; };
		578A62291D89346200233890 /* source.cpp in Sources */ = {isa = PBXBuildFile; fileRef = 578A62251D89346200233890 /* source.cpp */; };
		578BDE672149BE70001D89B9 /* kemarmicdata.cpp in Sources */ = {isa = PBXBuildFile; fileRef = 570EACA220BF920D000E2618 /* kemarmicdata.cpp */; };
		578EB05C2085B8E3006F06B8 /* sphericalmic.cpp in Sources */ = {isa = PBXBuildFile; fileRef = 578751E715AE01590008761C /* sphericalmic.cpp */; };
		578EB05E2085B8E5006F06B8 /* sphericalheadmic_test.cpp in Sources */ = {isa = PBXBuildFile; fileRef = 57B4EF901CD81AB400134991 /* sphericalheadmic_test.cpp */; };
		578EB05F2085BA53006F06B8 /* riranalysis.cpp in Sources */ = {isa = PBXBuildFile; fileRef = 5778112220600683004B9C6F /* riranalysis.cpp */; };
		578EB0602085BA56006F06B8 /* riranalysis_test.cpp in Sources */ = {isa = PBXBuildFile; fileRef = 5778113920600B5A004B9C6F /* riranalysis_test.cpp */; };
		578EB0612085BA57006F06B8 /* ism_test.cpp in Sources */ = {isa = PBXBuildFile; fileRef = 5778113A20600B5A004B9C6F /* ism_test.cpp */; };
		578EB0622085BA5A006F06B8 /* ism.cpp in Sources */ = {isa = PBXBuildFile; fileRef = 5778111E20600683004B9C6F /* ism.cpp */; };
		578EB0632085BD73006F06B8 /* cuboidroom.cpp in Sources */ = {isa = PBXBuildFile; fileRef = 5778112120600683004B9C6F /* cuboidroom.cpp */; };
		578EB0642085BD82006F06B8 /* source.cpp in Sources */ = {isa = PBXBuildFile; fileRef = 578A62251D89346200233890 /* source.cpp */; };
		578EB0652085BD90006F06B8 /* delayfilter.cpp in Sources */ = {isa = PBXBuildFile; fileRef = 5722E2401C9ECB49007FCF59 /* delayfilter.cpp */; };
		578EB0662085BE4D006F06B8 /* propagationline.cpp in Sources */ = {isa = PBXBuildFile; fileRef = 57895F5D16304F18002C962B /* propagationline.cpp */; };
		578EB0672085BE5F006F06B8 /* delayfilter_test.cpp in Sources */ = {isa = PBXBuildFile; fileRef = 57B4EF881CD81AB400134991 /* delayfilter_test.cpp */; };
		578EB0682085BE60006F06B8 /* propagationline_test.cpp in Sources */ = {isa = PBXBuildFile; fileRef = 57B4EF8E1CD81AB400134991 /* propagationline_test.cpp */; };
		578EB06A2085BE6C006F06B8 /* cuboidroom_test.cpp in Sources */ = {isa = PBXBuildFile; fileRef = 5778113B20600B5A004B9C6F /* cuboidroom_test.cpp */; };
		578EB0B420860210006F06B8 /* freefieldsimulation.cpp in Sources */ = {isa = PBXBuildFile; fileRef = 578E967215D128820094FBBE /* freefieldsimulation.cpp */; };
		578EB0B520861631006F06B8 /* freefieldsimulation_test.cpp in Sources */ = {isa = PBXBuildFile; fileRef = 57B4EF891CD81AB400134991 /* freefieldsimulation_test.cpp */; };
		578EB0B6208625E4006F06B8 /* microphonearray_test.cpp in Sources */ = {isa = PBXBuildFile; fileRef = 57B4EF8C1CD81AB400134991 /* microphonearray_test.cpp */; };
		578EB0B720863130006F06B8 /* ambisonics.cpp in Sources */ = {isa = PBXBuildFile; fileRef = 57F7B3C015D3DF0500D4E64A /* ambisonics.cpp */; };
		578EB0B820863132006F06B8 /* ambisonics_test.cpp in Sources */ = {isa = PBXBuildFile; fileRef = 57B4EF861CD81AB400134991 /* ambisonics_test.cpp */; };
		578EB0BB2086644E006F06B8 /* tdbem_test.cpp in Sources */ = {isa = PBXBuildFile; fileRef = 5778113C20600B5A004B9C6F /* tdbem_test.cpp */; };
		578EB0BD2086644F006F06B8 /* fdtd_test.cpp in Sources */ = {isa = PBXBuildFile; fileRef = 5778113D20600B5A004B9C6F /* fdtd_test.cpp */; };
		578EB0BE2086646B006F06B8 /* tdbem.cpp in Sources */ = {isa = PBXBuildFile; fileRef = 5778112020600683004B9C6F /* tdbem.cpp */; };
		578EB0BF20866650006F06B8 /* fdtd.cpp in Sources */ = {isa = PBXBuildFile; fileRef = 5778112320600683004B9C6F /* fdtd.cpp */; };
		578EB0C520866F57006F06B8 /* pawrapper.cpp in Sources */ = {isa = PBXBuildFile; fileRef = 57CE72B91C9583FC00149808 /* pawrapper.cpp */; };
		57A1574A15934AFF00AA6445 /* kemarmic.cpp in Sources */ = {isa = PBXBuildFile; fileRef = 57A156DC1593460A00AA6445 /* kemarmic.cpp */; };
		57A1574D15934AFF00AA6445 /* microphone.cpp in Sources */ = {isa = PBXBuildFile; fileRef = 57A156DF1593460A00AA6445 /* microphone.cpp */; };
		57AA6152205C9C3A0044A3A9 /* salutilities.cpp in Sources */ = {isa = PBXBuildFile; fileRef = 57C94CC6204F853400471213 /* salutilities.cpp */; };
		57AA6159205C9D290044A3A9 /* salutilities.cpp in Sources */ = {isa = PBXBuildFile; fileRef = 57C94CC6204F853400471213 /* salutilities.cpp */; };
		57AA615B205C9D290044A3A9 /* microphonearray_test.cpp in Sources */ = {isa = PBXBuildFile; fileRef = 57B4EF8C1CD81AB400134991 /* microphonearray_test.cpp */; };
		57AA615C205C9D290044A3A9 /* cipicmic.cpp in Sources */ = {isa = PBXBuildFile; fileRef = 57444D281B1776A400EC31F4 /* cipicmic.cpp */; };
		57AA615D205C9D290044A3A9 /* binauralmic.cpp in Sources */ = {isa = PBXBuildFile; fileRef = 57C2C7A71B1739A600B7F58C /* binauralmic.cpp */; };
		57AA615E205C9D290044A3A9 /* delayfilter_test.cpp in Sources */ = {isa = PBXBuildFile; fileRef = 57B4EF881CD81AB400134991 /* delayfilter_test.cpp */; };
		57AA615F205C9D290044A3A9 /* freefieldsimulation.cpp in Sources */ = {isa = PBXBuildFile; fileRef = 578E967215D128820094FBBE /* freefieldsimulation.cpp */; };
		57AA6160205C9D290044A3A9 /* propagationline.cpp in Sources */ = {isa = PBXBuildFile; fileRef = 57895F5D16304F18002C962B /* propagationline.cpp */; };
		57AA6161205C9D290044A3A9 /* ambisonics.cpp in Sources */ = {isa = PBXBuildFile; fileRef = 57F7B3C015D3DF0500D4E64A /* ambisonics.cpp */; };
		57AA6163205C9D290044A3A9 /* kemarmic.cpp in Sources */ = {isa = PBXBuildFile; fileRef = 57A156DC1593460A00AA6445 /* kemarmic.cpp */; };
		57AA6164205C9D290044A3A9 /* sphericalmic.cpp in Sources */ = {isa = PBXBuildFile; fileRef = 578751E715AE01590008761C /* sphericalmic.cpp */; };
		57AA6165205C9D290044A3A9 /* pawrapper.cpp in Sources */ = {isa = PBXBuildFile; fileRef = 57CE72B91C9583FC00149808 /* pawrapper.cpp */; };
		57AA6166205C9D290044A3A9 /* microphone.cpp in Sources */ = {isa = PBXBuildFile; fileRef = 57A156DF1593460A00AA6445 /* microphone.cpp */; };
		57AA6167205C9D290044A3A9 /* propagationline_test.cpp in Sources */ = {isa = PBXBuildFile; fileRef = 57B4EF8E1CD81AB400134991 /* propagationline_test.cpp */; };
		57AA6168205C9D290044A3A9 /* delayfilter.cpp in Sources */ = {isa = PBXBuildFile; fileRef = 5722E2401C9ECB49007FCF59 /* delayfilter.cpp */; };
		57AA6169205C9D290044A3A9 /* cipicmic_test.cpp in Sources */ = {isa = PBXBuildFile; fileRef = 57B4EF871CD81AB400134991 /* cipicmic_test.cpp */; };
		57AA616A205C9D290044A3A9 /* sphericalheadmic_test.cpp in Sources */ = {isa = PBXBuildFile; fileRef = 57B4EF901CD81AB400134991 /* sphericalheadmic_test.cpp */; };
		57AA616B205C9D290044A3A9 /* microphone_test.cpp in Sources */ = {isa = PBXBuildFile; fileRef = 57B4EF8B1CD81AB400134991 /* microphone_test.cpp */; };
		57AA616C205C9D290044A3A9 /* wavhandler.cpp in Sources */ = {isa = PBXBuildFile; fileRef = 5768D6231639CFFB00F557B8 /* wavhandler.cpp */; };
		57AA616D205C9D290044A3A9 /* source.cpp in Sources */ = {isa = PBXBuildFile; fileRef = 578A62251D89346200233890 /* source.cpp */; };
		57AA616E205C9D290044A3A9 /* ambisonics_test.cpp in Sources */ = {isa = PBXBuildFile; fileRef = 57B4EF861CD81AB400134991 /* ambisonics_test.cpp */; };
		57AA616F205C9D290044A3A9 /* kemarmic_test.cpp in Sources */ = {isa = PBXBuildFile; fileRef = 57B4EF8A1CD81AB400134991 /* kemarmic_test.cpp */; };
		57AA6170205C9D290044A3A9 /* freefieldsimulation_test.cpp in Sources */ = {isa = PBXBuildFile; fileRef = 57B4EF891CD81AB400134991 /* freefieldsimulation_test.cpp */; };
		57AA6172205C9D290044A3A9 /* libMCL.a in Frameworks */ = {isa = PBXBuildFile; fileRef = 57B053ED1D6B039100202654 /* libMCL.a */; };
		57AA6173205C9D290044A3A9 /* libsndfile.a in Frameworks */ = {isa = PBXBuildFile; fileRef = 57B053DB1D6B030A00202654 /* libsndfile.a */; };
		57AA6174205C9D290044A3A9 /* Carbon.framework in Frameworks */ = {isa = PBXBuildFile; fileRef = 57CE72CE1C95AD7600149808 /* Carbon.framework */; };
		57AA6175205C9D290044A3A9 /* AudioToolbox.framework in Frameworks */ = {isa = PBXBuildFile; fileRef = 57CE72CC1C95AD6900149808 /* AudioToolbox.framework */; };
		57AA6176205C9D290044A3A9 /* libportaudio.a in Frameworks */ = {isa = PBXBuildFile; fileRef = 57B053DF1D6B031500202654 /* libportaudio.a */; };
		57AA6177205C9D290044A3A9 /* AudioUnit.framework in Frameworks */ = {isa = PBXBuildFile; fileRef = 57CE72C81C95AD3F00149808 /* AudioUnit.framework */; };
		57AA6178205C9D290044A3A9 /* CoreAudio.framework in Frameworks */ = {isa = PBXBuildFile; fileRef = 57CE72C61C95AD2E00149808 /* CoreAudio.framework */; };
		57AA6179205C9D290044A3A9 /* Accelerate.framework in Frameworks */ = {isa = PBXBuildFile; fileRef = 572C3BEA1B35F9CF0071BB39 /* Accelerate.framework */; };
		57AA617F205C9D3D0044A3A9 /* sal_doppler.cpp in Sources */ = {isa = PBXBuildFile; fileRef = 57AA6154205C9C820044A3A9 /* sal_doppler.cpp */; };
		57B053DC1D6B030A00202654 /* libsndfile.a in Frameworks */ = {isa = PBXBuildFile; fileRef = 57B053DB1D6B030A00202654 /* libsndfile.a */; };
		57B053DD1D6B030A00202654 /* libsndfile.a in Frameworks */ = {isa = PBXBuildFile; fileRef = 57B053DB1D6B030A00202654 /* libsndfile.a */; };
		57B053DE1D6B030A00202654 /* libsndfile.a in Frameworks */ = {isa = PBXBuildFile; fileRef = 57B053DB1D6B030A00202654 /* libsndfile.a */; };
		57B053E01D6B031500202654 /* libportaudio.a in Frameworks */ = {isa = PBXBuildFile; fileRef = 57B053DF1D6B031500202654 /* libportaudio.a */; };
		57B053E11D6B031500202654 /* libportaudio.a in Frameworks */ = {isa = PBXBuildFile; fileRef = 57B053DF1D6B031500202654 /* libportaudio.a */; };
		57B053E21D6B031500202654 /* libportaudio.a in Frameworks */ = {isa = PBXBuildFile; fileRef = 57B053DF1D6B031500202654 /* libportaudio.a */; };
		57B053F61D6B03AC00202654 /* libMCL.a in Frameworks */ = {isa = PBXBuildFile; fileRef = 57B053ED1D6B039100202654 /* libMCL.a */; };
		57B053F71D6B03B000202654 /* libMCL.a in Frameworks */ = {isa = PBXBuildFile; fileRef = 57B053ED1D6B039100202654 /* libMCL.a */; };
		57B053F81D6B03B300202654 /* libMCLiOS.a in Frameworks */ = {isa = PBXBuildFile; fileRef = 57B053EF1D6B039100202654 /* libMCLiOS.a */; };
		57B054791D6B361300202654 /* pawrapper.cpp in Sources */ = {isa = PBXBuildFile; fileRef = 57CE72B91C9583FC00149808 /* pawrapper.cpp */; };
		57B0547A1D6B361300202654 /* microphonearray_test.cpp in Sources */ = {isa = PBXBuildFile; fileRef = 57B4EF8C1CD81AB400134991 /* microphonearray_test.cpp */; };
		57B0547B1D6B361300202654 /* cipicmic.cpp in Sources */ = {isa = PBXBuildFile; fileRef = 57444D281B1776A400EC31F4 /* cipicmic.cpp */; };
		57B0547C1D6B361300202654 /* binauralmic.cpp in Sources */ = {isa = PBXBuildFile; fileRef = 57C2C7A71B1739A600B7F58C /* binauralmic.cpp */; };
		57B0547D1D6B361300202654 /* delayfilter_test.cpp in Sources */ = {isa = PBXBuildFile; fileRef = 57B4EF881CD81AB400134991 /* delayfilter_test.cpp */; };
		57B0547E1D6B361300202654 /* freefieldsimulation.cpp in Sources */ = {isa = PBXBuildFile; fileRef = 578E967215D128820094FBBE /* freefieldsimulation.cpp */; };
		57B054801D6B361300202654 /* propagationline.cpp in Sources */ = {isa = PBXBuildFile; fileRef = 57895F5D16304F18002C962B /* propagationline.cpp */; };
		57B054811D6B361300202654 /* ambisonics.cpp in Sources */ = {isa = PBXBuildFile; fileRef = 57F7B3C015D3DF0500D4E64A /* ambisonics.cpp */; };
		57B054841D6B361300202654 /* kemarmic.cpp in Sources */ = {isa = PBXBuildFile; fileRef = 57A156DC1593460A00AA6445 /* kemarmic.cpp */; };
		57B054851D6B361300202654 /* sphericalmic.cpp in Sources */ = {isa = PBXBuildFile; fileRef = 578751E715AE01590008761C /* sphericalmic.cpp */; };
		57B054871D6B361300202654 /* microphone.cpp in Sources */ = {isa = PBXBuildFile; fileRef = 57A156DF1593460A00AA6445 /* microphone.cpp */; };
		57B054881D6B361300202654 /* propagationline_test.cpp in Sources */ = {isa = PBXBuildFile; fileRef = 57B4EF8E1CD81AB400134991 /* propagationline_test.cpp */; };
		57B0548A1D6B361300202654 /* delayfilter.cpp in Sources */ = {isa = PBXBuildFile; fileRef = 5722E2401C9ECB49007FCF59 /* delayfilter.cpp */; };
		57B0548B1D6B361300202654 /* cipicmic_test.cpp in Sources */ = {isa = PBXBuildFile; fileRef = 57B4EF871CD81AB400134991 /* cipicmic_test.cpp */; };
		57B0548C1D6B361300202654 /* sphericalheadmic_test.cpp in Sources */ = {isa = PBXBuildFile; fileRef = 57B4EF901CD81AB400134991 /* sphericalheadmic_test.cpp */; };
		57B0548E1D6B361300202654 /* microphone_test.cpp in Sources */ = {isa = PBXBuildFile; fileRef = 57B4EF8B1CD81AB400134991 /* microphone_test.cpp */; };
		57B0548F1D6B361300202654 /* wavhandler.cpp in Sources */ = {isa = PBXBuildFile; fileRef = 5768D6231639CFFB00F557B8 /* wavhandler.cpp */; };
		57B054901D6B361300202654 /* ambisonics_test.cpp in Sources */ = {isa = PBXBuildFile; fileRef = 57B4EF861CD81AB400134991 /* ambisonics_test.cpp */; };
		57B054911D6B361300202654 /* kemarmic_test.cpp in Sources */ = {isa = PBXBuildFile; fileRef = 57B4EF8A1CD81AB400134991 /* kemarmic_test.cpp */; };
		57B054921D6B361300202654 /* freefieldsimulation_test.cpp in Sources */ = {isa = PBXBuildFile; fileRef = 57B4EF891CD81AB400134991 /* freefieldsimulation_test.cpp */; };
		57B054941D6B361300202654 /* libMCL.a in Frameworks */ = {isa = PBXBuildFile; fileRef = 57B053ED1D6B039100202654 /* libMCL.a */; };
		57B054951D6B361300202654 /* libsndfile.a in Frameworks */ = {isa = PBXBuildFile; fileRef = 57B053DB1D6B030A00202654 /* libsndfile.a */; };
		57B054961D6B361300202654 /* Carbon.framework in Frameworks */ = {isa = PBXBuildFile; fileRef = 57CE72CE1C95AD7600149808 /* Carbon.framework */; };
		57B054971D6B361300202654 /* AudioToolbox.framework in Frameworks */ = {isa = PBXBuildFile; fileRef = 57CE72CC1C95AD6900149808 /* AudioToolbox.framework */; };
		57B054981D6B361300202654 /* libportaudio.a in Frameworks */ = {isa = PBXBuildFile; fileRef = 57B053DF1D6B031500202654 /* libportaudio.a */; };
		57B054991D6B361300202654 /* AudioUnit.framework in Frameworks */ = {isa = PBXBuildFile; fileRef = 57CE72C81C95AD3F00149808 /* AudioUnit.framework */; };
		57B0549A1D6B361300202654 /* CoreAudio.framework in Frameworks */ = {isa = PBXBuildFile; fileRef = 57CE72C61C95AD2E00149808 /* CoreAudio.framework */; };
		57B0549B1D6B361300202654 /* Accelerate.framework in Frameworks */ = {isa = PBXBuildFile; fileRef = 572C3BEA1B35F9CF0071BB39 /* Accelerate.framework */; };
		57B054A11D6B363100202654 /* sal_sound_test.cpp in Sources */ = {isa = PBXBuildFile; fileRef = 57B054731D6B360B00202654 /* sal_sound_test.cpp */; };
		57C2C7A91B1739A600B7F58C /* binauralmic.cpp in Sources */ = {isa = PBXBuildFile; fileRef = 57C2C7A71B1739A600B7F58C /* binauralmic.cpp */; };
		57C2C7AA1B1739A600B7F58C /* binauralmic.cpp in Sources */ = {isa = PBXBuildFile; fileRef = 57C2C7A71B1739A600B7F58C /* binauralmic.cpp */; };
		57C94CD2204F86E200471213 /* salutilities.cpp in Sources */ = {isa = PBXBuildFile; fileRef = 57C94CC6204F853400471213 /* salutilities.cpp */; };
		57C94CD4204F86E500471213 /* salutilities.cpp in Sources */ = {isa = PBXBuildFile; fileRef = 57C94CC6204F853400471213 /* salutilities.cpp */; };
		57CE72BC1C95844A00149808 /* pawrapper.cpp in Sources */ = {isa = PBXBuildFile; fileRef = 57CE72B91C9583FC00149808 /* pawrapper.cpp */; };
		57CE72CA1C95AD4900149808 /* CoreAudio.framework in Frameworks */ = {isa = PBXBuildFile; fileRef = 57CE72C61C95AD2E00149808 /* CoreAudio.framework */; };
		57CE72CB1C95AD5700149808 /* AudioUnit.framework in Frameworks */ = {isa = PBXBuildFile; fileRef = 57CE72C81C95AD3F00149808 /* AudioUnit.framework */; };
		57CE72CD1C95AD6900149808 /* AudioToolbox.framework in Frameworks */ = {isa = PBXBuildFile; fileRef = 57CE72CC1C95AD6900149808 /* AudioToolbox.framework */; };
		57CE72D01C95AD8C00149808 /* Carbon.framework in Frameworks */ = {isa = PBXBuildFile; fileRef = 57CE72CE1C95AD7600149808 /* Carbon.framework */; };
		57D7EB601625CE5A00771188 /* sphericalmic.cpp in Sources */ = {isa = PBXBuildFile; fileRef = 578751E715AE01590008761C /* sphericalmic.cpp */; };
		57F13C0E20853C0B002CC480 /* sal_tests.cpp in Sources */ = {isa = PBXBuildFile; fileRef = 57B4EF841CD81A8D00134991 /* sal_tests.cpp */; };
		57F13C1120853C21002CC480 /* binauralmic.cpp in Sources */ = {isa = PBXBuildFile; fileRef = 57C2C7A71B1739A600B7F58C /* binauralmic.cpp */; };
		57F13C1220853C26002CC480 /* salutilities.cpp in Sources */ = {isa = PBXBuildFile; fileRef = 57C94CC6204F853400471213 /* salutilities.cpp */; };
		57F13C1320853C2A002CC480 /* microphone.cpp in Sources */ = {isa = PBXBuildFile; fileRef = 57A156DF1593460A00AA6445 /* microphone.cpp */; };
/* End PBXBuildFile section */

/* Begin PBXContainerItemProxy section */
		57AA6157205C9D290044A3A9 /* PBXContainerItemProxy */ = {
			isa = PBXContainerItemProxy;
			containerPortal = 57B053E41D6B039100202654 /* MCL.xcodeproj */;
			proxyType = 1;
			remoteGlobalIDString = 57A157151593475000AA6445;
			remoteInfo = MCL;
		};
		57B053EA1D6B039100202654 /* PBXContainerItemProxy */ = {
			isa = PBXContainerItemProxy;
			containerPortal = 57B053E41D6B039100202654 /* MCL.xcodeproj */;
			proxyType = 2;
			remoteGlobalIDString = 57A158AA1593501200AA6445;
			remoteInfo = MCL_test;
		};
		57B053EC1D6B039100202654 /* PBXContainerItemProxy */ = {
			isa = PBXContainerItemProxy;
			containerPortal = 57B053E41D6B039100202654 /* MCL.xcodeproj */;
			proxyType = 2;
			remoteGlobalIDString = 57A158AC1593501200AA6445;
			remoteInfo = MCL;
		};
		57B053EE1D6B039100202654 /* PBXContainerItemProxy */ = {
			isa = PBXContainerItemProxy;
			containerPortal = 57B053E41D6B039100202654 /* MCL.xcodeproj */;
			proxyType = 2;
			remoteGlobalIDString = 572A877E19C070ED00F62F8F;
			remoteInfo = MCLiOS;
		};
		57B053F01D6B039700202654 /* PBXContainerItemProxy */ = {
			isa = PBXContainerItemProxy;
			containerPortal = 57B053E41D6B039100202654 /* MCL.xcodeproj */;
			proxyType = 1;
			remoteGlobalIDString = 57A157151593475000AA6445;
			remoteInfo = MCL;
		};
		57B053F21D6B039B00202654 /* PBXContainerItemProxy */ = {
			isa = PBXContainerItemProxy;
			containerPortal = 57B053E41D6B039100202654 /* MCL.xcodeproj */;
			proxyType = 1;
			remoteGlobalIDString = 57A157151593475000AA6445;
			remoteInfo = MCL;
		};
		57B053F41D6B039E00202654 /* PBXContainerItemProxy */ = {
			isa = PBXContainerItemProxy;
			containerPortal = 57B053E41D6B039100202654 /* MCL.xcodeproj */;
			proxyType = 1;
			remoteGlobalIDString = 572A876719C070ED00F62F8F;
			remoteInfo = MCLiOS;
		};
		57B054771D6B361300202654 /* PBXContainerItemProxy */ = {
			isa = PBXContainerItemProxy;
			containerPortal = 57B053E41D6B039100202654 /* MCL.xcodeproj */;
			proxyType = 1;
			remoteGlobalIDString = 57A157151593475000AA6445;
			remoteInfo = MCL;
		};
/* End PBXContainerItemProxy section */

/* Begin PBXCopyFilesBuildPhase section */
		57A156C31593457600AA6445 /* CopyFiles */ = {
			isa = PBXCopyFilesBuildPhase;
			buildActionMask = 2147483647;
			dstPath = /usr/share/man/man1/;
			dstSubfolderSpec = 0;
			files = (
			);
			runOnlyForDeploymentPostprocessing = 1;
		};
		57AA617A205C9D290044A3A9 /* CopyFiles */ = {
			isa = PBXCopyFilesBuildPhase;
			buildActionMask = 2147483647;
			dstPath = /usr/share/man/man1/;
			dstSubfolderSpec = 0;
			files = (
			);
			runOnlyForDeploymentPostprocessing = 1;
		};
		57B0549C1D6B361300202654 /* CopyFiles */ = {
			isa = PBXCopyFilesBuildPhase;
			buildActionMask = 2147483647;
			dstPath = /usr/share/man/man1/;
			dstSubfolderSpec = 0;
			files = (
			);
			runOnlyForDeploymentPostprocessing = 1;
		};
/* End PBXCopyFilesBuildPhase section */

/* Begin PBXFileReference section */
		57061AD815B6D6CE000CD42D /* array.h */ = {isa = PBXFileReference; lastKnownFileType = sourcecode.c.h; name = array.h; path = include/array.h; sourceTree = "<group>"; };
		570EACA220BF920D000E2618 /* kemarmicdata.cpp */ = {isa = PBXFileReference; fileEncoding = 4; lastKnownFileType = sourcecode.cpp.cpp; name = kemarmicdata.cpp; path = hrtfs/kemar/kemarmicdata.cpp; sourceTree = "<group>"; };
		5713F76E15F38C4800AF1DE2 /* salconstants.h */ = {isa = PBXFileReference; lastKnownFileType = sourcecode.c.h; name = salconstants.h; path = include/salconstants.h; sourceTree = "<group>"; };
		5719A9AD15B57CCC000AD692 /* saltypes.h */ = {isa = PBXFileReference; lastKnownFileType = sourcecode.c.h; name = saltypes.h; path = include/saltypes.h; sourceTree = "<group>"; };
		5722E23F1C9ECB37007FCF59 /* delayfilter.h */ = {isa = PBXFileReference; lastKnownFileType = sourcecode.c.h; name = delayfilter.h; path = include/delayfilter.h; sourceTree = "<group>"; };
		5722E2401C9ECB49007FCF59 /* delayfilter.cpp */ = {isa = PBXFileReference; fileEncoding = 4; lastKnownFileType = sourcecode.cpp.cpp; name = delayfilter.cpp; path = src/delayfilter.cpp; sourceTree = "<group>"; };
		572C3BEA1B35F9CF0071BB39 /* Accelerate.framework */ = {isa = PBXFileReference; lastKnownFileType = wrapper.framework; name = Accelerate.framework; path = System/Library/Frameworks/Accelerate.framework; sourceTree = SDKROOT; };
		57444D281B1776A400EC31F4 /* cipicmic.cpp */ = {isa = PBXFileReference; fileEncoding = 4; lastKnownFileType = sourcecode.cpp.cpp; name = cipicmic.cpp; path = src/cipicmic.cpp; sourceTree = "<group>"; };
		57444D2C1B1776FB00EC31F4 /* cipicmic.h */ = {isa = PBXFileReference; lastKnownFileType = sourcecode.c.h; name = cipicmic.h; path = include/cipicmic.h; sourceTree = "<group>"; };
		574D27FB161B3ECF00F4A0B1 /* decoder.h */ = {isa = PBXFileReference; lastKnownFileType = sourcecode.c.h; name = decoder.h; path = include/decoder.h; sourceTree = "<group>"; };
		5768D6231639CFFB00F557B8 /* wavhandler.cpp */ = {isa = PBXFileReference; fileEncoding = 4; lastKnownFileType = sourcecode.cpp.cpp; name = wavhandler.cpp; path = src/wavhandler.cpp; sourceTree = "<group>"; };
		5778111E20600683004B9C6F /* ism.cpp */ = {isa = PBXFileReference; fileEncoding = 4; lastKnownFileType = sourcecode.cpp.cpp; name = ism.cpp; path = src/ism.cpp; sourceTree = "<group>"; };
		5778112020600683004B9C6F /* tdbem.cpp */ = {isa = PBXFileReference; fileEncoding = 4; lastKnownFileType = sourcecode.cpp.cpp; name = tdbem.cpp; path = src/tdbem.cpp; sourceTree = "<group>"; };
		5778112120600683004B9C6F /* cuboidroom.cpp */ = {isa = PBXFileReference; fileEncoding = 4; lastKnownFileType = sourcecode.cpp.cpp; name = cuboidroom.cpp; path = src/cuboidroom.cpp; sourceTree = "<group>"; };
		5778112220600683004B9C6F /* riranalysis.cpp */ = {isa = PBXFileReference; fileEncoding = 4; lastKnownFileType = sourcecode.cpp.cpp; name = riranalysis.cpp; path = src/riranalysis.cpp; sourceTree = "<group>"; };
		5778112320600683004B9C6F /* fdtd.cpp */ = {isa = PBXFileReference; fileEncoding = 4; lastKnownFileType = sourcecode.cpp.cpp; name = fdtd.cpp; path = src/fdtd.cpp; sourceTree = "<group>"; };
		57781133206006D1004B9C6F /* room.h */ = {isa = PBXFileReference; lastKnownFileType = sourcecode.c.h; name = room.h; path = include/room.h; sourceTree = "<group>"; };
		57781134206006D1004B9C6F /* cuboidroom.h */ = {isa = PBXFileReference; lastKnownFileType = sourcecode.c.h; name = cuboidroom.h; path = include/cuboidroom.h; sourceTree = "<group>"; };
		57781135206006D1004B9C6F /* fdtd.h */ = {isa = PBXFileReference; lastKnownFileType = sourcecode.c.h; name = fdtd.h; path = include/fdtd.h; sourceTree = "<group>"; };
		57781136206006D1004B9C6F /* ism.h */ = {isa = PBXFileReference; lastKnownFileType = sourcecode.c.h; name = ism.h; path = include/ism.h; sourceTree = "<group>"; };
		57781137206006D1004B9C6F /* tdbem.h */ = {isa = PBXFileReference; lastKnownFileType = sourcecode.c.h; name = tdbem.h; path = include/tdbem.h; sourceTree = "<group>"; };
		57781138206006D1004B9C6F /* riranalysis.h */ = {isa = PBXFileReference; lastKnownFileType = sourcecode.c.h; name = riranalysis.h; path = include/riranalysis.h; sourceTree = "<group>"; };
		5778113920600B5A004B9C6F /* riranalysis_test.cpp */ = {isa = PBXFileReference; fileEncoding = 4; lastKnownFileType = sourcecode.cpp.cpp; name = riranalysis_test.cpp; path = src/test/riranalysis_test.cpp; sourceTree = "<group>"; };
		5778113A20600B5A004B9C6F /* ism_test.cpp */ = {isa = PBXFileReference; fileEncoding = 4; lastKnownFileType = sourcecode.cpp.cpp; name = ism_test.cpp; path = src/test/ism_test.cpp; sourceTree = "<group>"; };
		5778113B20600B5A004B9C6F /* cuboidroom_test.cpp */ = {isa = PBXFileReference; fileEncoding = 4; lastKnownFileType = sourcecode.cpp.cpp; name = cuboidroom_test.cpp; path = src/test/cuboidroom_test.cpp; sourceTree = "<group>"; };
		5778113C20600B5A004B9C6F /* tdbem_test.cpp */ = {isa = PBXFileReference; fileEncoding = 4; lastKnownFileType = sourcecode.cpp.cpp; name = tdbem_test.cpp; path = src/test/tdbem_test.cpp; sourceTree = "<group>"; };
		5778113D20600B5A004B9C6F /* fdtd_test.cpp */ = {isa = PBXFileReference; fileEncoding = 4; lastKnownFileType = sourcecode.cpp.cpp; name = fdtd_test.cpp; path = src/test/fdtd_test.cpp; sourceTree = "<group>"; };
		578751E715AE01590008761C /* sphericalmic.cpp */ = {isa = PBXFileReference; fileEncoding = 4; lastKnownFileType = sourcecode.cpp.cpp; name = sphericalmic.cpp; path = src/sphericalmic.cpp; sourceTree = "<group>"; };
		5787B4F0208031060068C104 /* salutilities_test.cpp */ = {isa = PBXFileReference; lastKnownFileType = sourcecode.cpp.cpp; name = salutilities_test.cpp; path = src/test/salutilities_test.cpp; sourceTree = "<group>"; };
		57895F5B16304F00002C962B /* propagationline.h */ = {isa = PBXFileReference; lastKnownFileType = sourcecode.c.h; name = propagationline.h; path = include/propagationline.h; sourceTree = "<group>"; };
		57895F5D16304F18002C962B /* propagationline.cpp */ = {isa = PBXFileReference; fileEncoding = 4; lastKnownFileType = sourcecode.cpp.cpp; name = propagationline.cpp; path = src/propagationline.cpp; sourceTree = "<group>"; };
		578A62251D89346200233890 /* source.cpp */ = {isa = PBXFileReference; fileEncoding = 4; lastKnownFileType = sourcecode.cpp.cpp; name = source.cpp; path = src/source.cpp; sourceTree = "<group>"; };
		578ABDFF15AC9E3100966F2E /* kemarmic.h */ = {isa = PBXFileReference; lastKnownFileType = sourcecode.c.h; name = kemarmic.h; path = include/kemarmic.h; sourceTree = "<group>"; };
		578ABE0115ACA8BB00966F2E /* sphericalheadmic.h */ = {isa = PBXFileReference; lastKnownFileType = sourcecode.c.h; name = sphericalheadmic.h; path = include/sphericalheadmic.h; sourceTree = "<group>"; };
		578E967015D1279D0094FBBE /* freefieldsimulation.h */ = {isa = PBXFileReference; lastKnownFileType = sourcecode.c.h; name = freefieldsimulation.h; path = include/freefieldsimulation.h; sourceTree = "<group>"; };
		578E967215D128820094FBBE /* freefieldsimulation.cpp */ = {isa = PBXFileReference; fileEncoding = 4; lastKnownFileType = sourcecode.cpp.cpp; name = freefieldsimulation.cpp; path = src/freefieldsimulation.cpp; sourceTree = "<group>"; };
		57986F101C939CD700648377 /* pawrapper.h */ = {isa = PBXFileReference; lastKnownFileType = sourcecode.c.h; name = pawrapper.h; path = include/pawrapper.h; sourceTree = "<group>"; };
		57A156C51593457600AA6445 /* SAL_test */ = {isa = PBXFileReference; explicitFileType = "compiled.mach-o.executable"; includeInIndex = 0; path = SAL_test; sourceTree = BUILT_PRODUCTS_DIR; };
		57A156DC1593460A00AA6445 /* kemarmic.cpp */ = {isa = PBXFileReference; lastKnownFileType = sourcecode.cpp.cpp; name = kemarmic.cpp; path = src/kemarmic.cpp; sourceTree = "<group>"; };
		57A156DF1593460A00AA6445 /* microphone.cpp */ = {isa = PBXFileReference; lastKnownFileType = sourcecode.cpp.cpp; name = microphone.cpp; path = src/microphone.cpp; sourceTree = "<group>"; };
		57A156ED1593464300AA6445 /* monomics.h */ = {isa = PBXFileReference; lastKnownFileType = sourcecode.c.h; name = monomics.h; path = include/monomics.h; sourceTree = "<group>"; };
		57A156F01593464300AA6445 /* microphone.h */ = {isa = PBXFileReference; lastKnownFileType = sourcecode.c.h; name = microphone.h; path = include/microphone.h; sourceTree = "<group>"; };
		57A156F11593464300AA6445 /* microphonearray.h */ = {isa = PBXFileReference; lastKnownFileType = sourcecode.c.h; name = microphonearray.h; path = include/microphonearray.h; sourceTree = "<group>"; };
		57A156F51593464300AA6445 /* source.h */ = {isa = PBXFileReference; lastKnownFileType = sourcecode.c.h; name = source.h; path = include/source.h; sourceTree = "<group>"; };
		57A156F61593464300AA6445 /* wavhandler.h */ = {isa = PBXFileReference; lastKnownFileType = sourcecode.c.h; name = wavhandler.h; path = include/wavhandler.h; sourceTree = "<group>"; };
		57AA6154205C9C820044A3A9 /* sal_doppler.cpp */ = {isa = PBXFileReference; lastKnownFileType = sourcecode.cpp.cpp; name = sal_doppler.cpp; path = src/bin/sal_doppler.cpp; sourceTree = "<group>"; };
		57AA617E205C9D290044A3A9 /* SAL doppler */ = {isa = PBXFileReference; explicitFileType = "compiled.mach-o.executable"; includeInIndex = 0; path = "SAL doppler"; sourceTree = BUILT_PRODUCTS_DIR; };
		57B053D91D6B030300202654 /* sndfile.h */ = {isa = PBXFileReference; lastKnownFileType = sourcecode.c.h; name = sndfile.h; path = libsndfile/include/sndfile.h; sourceTree = "<group>"; };
		57B053DA1D6B030300202654 /* sndfile.hh */ = {isa = PBXFileReference; lastKnownFileType = sourcecode.cpp.h; name = sndfile.hh; path = libsndfile/include/sndfile.hh; sourceTree = "<group>"; };
		57B053DB1D6B030A00202654 /* libsndfile.a */ = {isa = PBXFileReference; lastKnownFileType = archive.ar; name = libsndfile.a; path = libsndfile/lib/libsndfile.a; sourceTree = "<group>"; };
		57B053DF1D6B031500202654 /* libportaudio.a */ = {isa = PBXFileReference; lastKnownFileType = archive.ar; name = libportaudio.a; path = portaudio/lib/libportaudio.a; sourceTree = "<group>"; };
		57B053E31D6B031F00202654 /* portaudio.h */ = {isa = PBXFileReference; lastKnownFileType = sourcecode.c.h; name = portaudio.h; path = portaudio/include/portaudio.h; sourceTree = "<group>"; };
		57B053E41D6B039100202654 /* MCL.xcodeproj */ = {isa = PBXFileReference; lastKnownFileType = "wrapper.pb-project"; name = MCL.xcodeproj; path = mcl/MCL.xcodeproj; sourceTree = "<group>"; };
		57B054731D6B360B00202654 /* sal_sound_test.cpp */ = {isa = PBXFileReference; lastKnownFileType = sourcecode.cpp.cpp; name = sal_sound_test.cpp; path = src/bin/sal_sound_test.cpp; sourceTree = "<group>"; };
		57B054A01D6B361300202654 /* SAL sound test */ = {isa = PBXFileReference; explicitFileType = "compiled.mach-o.executable"; includeInIndex = 0; path = "SAL sound test"; sourceTree = BUILT_PRODUCTS_DIR; };
		57B4EF841CD81A8D00134991 /* sal_tests.cpp */ = {isa = PBXFileReference; fileEncoding = 4; lastKnownFileType = sourcecode.cpp.cpp; name = sal_tests.cpp; path = src/bin/sal_tests.cpp; sourceTree = "<group>"; };
		57B4EF861CD81AB400134991 /* ambisonics_test.cpp */ = {isa = PBXFileReference; fileEncoding = 4; lastKnownFileType = sourcecode.cpp.cpp; name = ambisonics_test.cpp; path = src/test/ambisonics_test.cpp; sourceTree = "<group>"; };
		57B4EF871CD81AB400134991 /* cipicmic_test.cpp */ = {isa = PBXFileReference; fileEncoding = 4; lastKnownFileType = sourcecode.cpp.cpp; name = cipicmic_test.cpp; path = src/test/cipicmic_test.cpp; sourceTree = "<group>"; };
		57B4EF881CD81AB400134991 /* delayfilter_test.cpp */ = {isa = PBXFileReference; fileEncoding = 4; lastKnownFileType = sourcecode.cpp.cpp; name = delayfilter_test.cpp; path = src/test/delayfilter_test.cpp; sourceTree = "<group>"; };
		57B4EF891CD81AB400134991 /* freefieldsimulation_test.cpp */ = {isa = PBXFileReference; fileEncoding = 4; lastKnownFileType = sourcecode.cpp.cpp; name = freefieldsimulation_test.cpp; path = src/test/freefieldsimulation_test.cpp; sourceTree = "<group>"; };
		57B4EF8A1CD81AB400134991 /* kemarmic_test.cpp */ = {isa = PBXFileReference; fileEncoding = 4; lastKnownFileType = sourcecode.cpp.cpp; name = kemarmic_test.cpp; path = src/test/kemarmic_test.cpp; sourceTree = "<group>"; };
		57B4EF8B1CD81AB400134991 /* microphone_test.cpp */ = {isa = PBXFileReference; fileEncoding = 4; lastKnownFileType = sourcecode.cpp.cpp; name = microphone_test.cpp; path = src/test/microphone_test.cpp; sourceTree = "<group>"; };
		57B4EF8C1CD81AB400134991 /* microphonearray_test.cpp */ = {isa = PBXFileReference; fileEncoding = 4; lastKnownFileType = sourcecode.cpp.cpp; name = microphonearray_test.cpp; path = src/test/microphonearray_test.cpp; sourceTree = "<group>"; };
		57B4EF8E1CD81AB400134991 /* propagationline_test.cpp */ = {isa = PBXFileReference; fileEncoding = 4; lastKnownFileType = sourcecode.cpp.cpp; name = propagationline_test.cpp; path = src/test/propagationline_test.cpp; sourceTree = "<group>"; };
		57B4EF901CD81AB400134991 /* sphericalheadmic_test.cpp */ = {isa = PBXFileReference; fileEncoding = 4; lastKnownFileType = sourcecode.cpp.cpp; name = sphericalheadmic_test.cpp; path = src/test/sphericalheadmic_test.cpp; sourceTree = "<group>"; };
		57B4EF9F1CD81B6900134991 /* libSAL.a */ = {isa = PBXFileReference; explicitFileType = archive.ar; includeInIndex = 0; path = libSAL.a; sourceTree = BUILT_PRODUCTS_DIR; };
		57B4EFA01CD81B6900134991 /* libSALiOS.a */ = {isa = PBXFileReference; explicitFileType = archive.ar; includeInIndex = 0; path = libSALiOS.a; sourceTree = BUILT_PRODUCTS_DIR; };
		57C2C7A51B17399000B7F58C /* binauralmic.h */ = {isa = PBXFileReference; lastKnownFileType = sourcecode.c.h; name = binauralmic.h; path = include/binauralmic.h; sourceTree = "<group>"; };
		57C2C7A71B1739A600B7F58C /* binauralmic.cpp */ = {isa = PBXFileReference; fileEncoding = 4; lastKnownFileType = sourcecode.cpp.cpp; name = binauralmic.cpp; path = src/binauralmic.cpp; sourceTree = "<group>"; };
		57C94CC4204F851100471213 /* salutilities.h */ = {isa = PBXFileReference; lastKnownFileType = sourcecode.c.h; name = salutilities.h; path = include/salutilities.h; sourceTree = "<group>"; };
		57C94CC6204F853400471213 /* salutilities.cpp */ = {isa = PBXFileReference; lastKnownFileType = sourcecode.cpp.cpp; name = salutilities.cpp; path = src/salutilities.cpp; sourceTree = "<group>"; };
		57CE72B91C9583FC00149808 /* pawrapper.cpp */ = {isa = PBXFileReference; fileEncoding = 4; lastKnownFileType = sourcecode.cpp.cpp; name = pawrapper.cpp; path = src/pawrapper.cpp; sourceTree = "<group>"; };
		57CE72C61C95AD2E00149808 /* CoreAudio.framework */ = {isa = PBXFileReference; lastKnownFileType = wrapper.framework; name = CoreAudio.framework; path = System/Library/Frameworks/CoreAudio.framework; sourceTree = SDKROOT; };
		57CE72C81C95AD3F00149808 /* AudioUnit.framework */ = {isa = PBXFileReference; lastKnownFileType = wrapper.framework; name = AudioUnit.framework; path = System/Library/Frameworks/AudioUnit.framework; sourceTree = SDKROOT; };
		57CE72CC1C95AD6900149808 /* AudioToolbox.framework */ = {isa = PBXFileReference; lastKnownFileType = wrapper.framework; name = AudioToolbox.framework; path = System/Library/Frameworks/AudioToolbox.framework; sourceTree = SDKROOT; };
		57CE72CE1C95AD7600149808 /* Carbon.framework */ = {isa = PBXFileReference; lastKnownFileType = wrapper.framework; name = Carbon.framework; path = System/Library/Frameworks/Carbon.framework; sourceTree = SDKROOT; };
		57F13C0B2084D31C002CC480 /* audiobuffer_test.cpp */ = {isa = PBXFileReference; lastKnownFileType = sourcecode.cpp.cpp; name = audiobuffer_test.cpp; path = src/test/audiobuffer_test.cpp; sourceTree = "<group>"; };
		57F13C0D2084D53F002CC480 /* audiobuffer.h */ = {isa = PBXFileReference; lastKnownFileType = sourcecode.c.h; name = audiobuffer.h; path = include/audiobuffer.h; sourceTree = "<group>"; };
		57F7B3BF15D3DE7000D4E64A /* ambisonics.h */ = {isa = PBXFileReference; lastKnownFileType = sourcecode.c.h; name = ambisonics.h; path = include/ambisonics.h; sourceTree = "<group>"; };
		57F7B3C015D3DF0500D4E64A /* ambisonics.cpp */ = {isa = PBXFileReference; fileEncoding = 4; lastKnownFileType = sourcecode.cpp.cpp; name = ambisonics.cpp; path = src/ambisonics.cpp; sourceTree = "<group>"; };
/* End PBXFileReference section */

/* Begin PBXFrameworksBuildPhase section */
		572A879019C0712500F62F8F /* Frameworks */ = {
			isa = PBXFrameworksBuildPhase;
			buildActionMask = 2147483647;
			files = (
				57B053F81D6B03B300202654 /* libMCLiOS.a in Frameworks */,
				57B053DE1D6B030A00202654 /* libsndfile.a in Frameworks */,
				57B053E21D6B031500202654 /* libportaudio.a in Frameworks */,
			);
			runOnlyForDeploymentPostprocessing = 0;
		};
		57A156C21593457600AA6445 /* Frameworks */ = {
			isa = PBXFrameworksBuildPhase;
			buildActionMask = 2147483647;
			files = (
				57B053F61D6B03AC00202654 /* libMCL.a in Frameworks */,
				57B053DC1D6B030A00202654 /* libsndfile.a in Frameworks */,
				57CE72D01C95AD8C00149808 /* Carbon.framework in Frameworks */,
				57CE72CD1C95AD6900149808 /* AudioToolbox.framework in Frameworks */,
				57B053E01D6B031500202654 /* libportaudio.a in Frameworks */,
				57CE72CB1C95AD5700149808 /* AudioUnit.framework in Frameworks */,
				57CE72CA1C95AD4900149808 /* CoreAudio.framework in Frameworks */,
				572C3BEB1B35F9CF0071BB39 /* Accelerate.framework in Frameworks */,
			);
			runOnlyForDeploymentPostprocessing = 0;
		};
		57A1574215934AEC00AA6445 /* Frameworks */ = {
			isa = PBXFrameworksBuildPhase;
			buildActionMask = 2147483647;
			files = (
				57B053F71D6B03B000202654 /* libMCL.a in Frameworks */,
				57B053DD1D6B030A00202654 /* libsndfile.a in Frameworks */,
				57B053E11D6B031500202654 /* libportaudio.a in Frameworks */,
			);
			runOnlyForDeploymentPostprocessing = 0;
		};
		57AA6171205C9D290044A3A9 /* Frameworks */ = {
			isa = PBXFrameworksBuildPhase;
			buildActionMask = 2147483647;
			files = (
				57AA6172205C9D290044A3A9 /* libMCL.a in Frameworks */,
				57AA6173205C9D290044A3A9 /* libsndfile.a in Frameworks */,
				57AA6174205C9D290044A3A9 /* Carbon.framework in Frameworks */,
				57AA6175205C9D290044A3A9 /* AudioToolbox.framework in Frameworks */,
				57AA6176205C9D290044A3A9 /* libportaudio.a in Frameworks */,
				57AA6177205C9D290044A3A9 /* AudioUnit.framework in Frameworks */,
				57AA6178205C9D290044A3A9 /* CoreAudio.framework in Frameworks */,
				57AA6179205C9D290044A3A9 /* Accelerate.framework in Frameworks */,
			);
			runOnlyForDeploymentPostprocessing = 0;
		};
		57B054931D6B361300202654 /* Frameworks */ = {
			isa = PBXFrameworksBuildPhase;
			buildActionMask = 2147483647;
			files = (
				57B054941D6B361300202654 /* libMCL.a in Frameworks */,
				57B054951D6B361300202654 /* libsndfile.a in Frameworks */,
				57B054961D6B361300202654 /* Carbon.framework in Frameworks */,
				57B054971D6B361300202654 /* AudioToolbox.framework in Frameworks */,
				57B054981D6B361300202654 /* libportaudio.a in Frameworks */,
				57B054991D6B361300202654 /* AudioUnit.framework in Frameworks */,
				57B0549A1D6B361300202654 /* CoreAudio.framework in Frameworks */,
				57B0549B1D6B361300202654 /* Accelerate.framework in Frameworks */,
			);
			runOnlyForDeploymentPostprocessing = 0;
		};
/* End PBXFrameworksBuildPhase section */

/* Begin PBXGroup section */
		57A156BA1593457600AA6445 = {
			isa = PBXGroup;
			children = (
				57A156D8159345E700AA6445 /* include */,
				57A156D7159345A000AA6445 /* src */,
				57A156C61593457600AA6445 /* targets */,
				57A156FA1593465600AA6445 /* lib */,
			);
			sourceTree = "<group>";
		};
		57A156C61593457600AA6445 /* targets */ = {
			isa = PBXGroup;
			children = (
				57A156C51593457600AA6445 /* SAL_test */,
				57B4EF9F1CD81B6900134991 /* libSAL.a */,
				57B4EFA01CD81B6900134991 /* libSALiOS.a */,
				57B054A01D6B361300202654 /* SAL sound test */,
				57AA617E205C9D290044A3A9 /* SAL doppler */,
			);
			name = targets;
			sourceTree = "<group>";
		};
		57A156D7159345A000AA6445 /* src */ = {
			isa = PBXGroup;
			children = (
				57A156E41593460E00AA6445 /* bin */,
				57F7B3C015D3DF0500D4E64A /* ambisonics.cpp */,
				5778112120600683004B9C6F /* cuboidroom.cpp */,
				5778112320600683004B9C6F /* fdtd.cpp */,
				5778111E20600683004B9C6F /* ism.cpp */,
				5778112220600683004B9C6F /* riranalysis.cpp */,
				5778112020600683004B9C6F /* tdbem.cpp */,
				5722E2401C9ECB49007FCF59 /* delayfilter.cpp */,
				57444D281B1776A400EC31F4 /* cipicmic.cpp */,
				57895F5D16304F18002C962B /* propagationline.cpp */,
				57A156DC1593460A00AA6445 /* kemarmic.cpp */,
				57C2C7A71B1739A600B7F58C /* binauralmic.cpp */,
				578751E715AE01590008761C /* sphericalmic.cpp */,
				57C94CC6204F853400471213 /* salutilities.cpp */,
				57A156DF1593460A00AA6445 /* microphone.cpp */,
				57CE72B91C9583FC00149808 /* pawrapper.cpp */,
				578A62251D89346200233890 /* source.cpp */,
				578E967215D128820094FBBE /* freefieldsimulation.cpp */,
				5768D6231639CFFB00F557B8 /* wavhandler.cpp */,
				57A156E51593462300AA6445 /* test */,
			);
			name = src;
			sourceTree = "<group>";
		};
		57A156D8159345E700AA6445 /* include */ = {
			isa = PBXGroup;
			children = (
				57F13C0D2084D53F002CC480 /* audiobuffer.h */,
				57781134206006D1004B9C6F /* cuboidroom.h */,
				57781135206006D1004B9C6F /* fdtd.h */,
				57781136206006D1004B9C6F /* ism.h */,
				57781138206006D1004B9C6F /* riranalysis.h */,
				57781133206006D1004B9C6F /* room.h */,
				57781137206006D1004B9C6F /* tdbem.h */,
				57F7B3BF15D3DE7000D4E64A /* ambisonics.h */,
				57061AD815B6D6CE000CD42D /* array.h */,
				57C2C7A51B17399000B7F58C /* binauralmic.h */,
				57444D2C1B1776FB00EC31F4 /* cipicmic.h */,
				574D27FB161B3ECF00F4A0B1 /* decoder.h */,
				5722E23F1C9ECB37007FCF59 /* delayfilter.h */,
				578E967015D1279D0094FBBE /* freefieldsimulation.h */,
				578ABDFF15AC9E3100966F2E /* kemarmic.h */,
				57A156F01593464300AA6445 /* microphone.h */,
				57A156F11593464300AA6445 /* microphonearray.h */,
				57A156ED1593464300AA6445 /* monomics.h */,
				57986F101C939CD700648377 /* pawrapper.h */,
				57895F5B16304F00002C962B /* propagationline.h */,
				5713F76E15F38C4800AF1DE2 /* salconstants.h */,
				57C94CC4204F851100471213 /* salutilities.h */,
				5719A9AD15B57CCC000AD692 /* saltypes.h */,
				57A156F51593464300AA6445 /* source.h */,
				578ABE0115ACA8BB00966F2E /* sphericalheadmic.h */,
				57A156F61593464300AA6445 /* wavhandler.h */,
			);
			name = include;
			sourceTree = "<group>";
		};
		57A156E41593460E00AA6445 /* bin */ = {
			isa = PBXGroup;
			children = (
				57B4EF841CD81A8D00134991 /* sal_tests.cpp */,
				57B054731D6B360B00202654 /* sal_sound_test.cpp */,
				57AA6154205C9C820044A3A9 /* sal_doppler.cpp */,
			);
			name = bin;
			sourceTree = "<group>";
		};
		57A156E51593462300AA6445 /* test */ = {
			isa = PBXGroup;
			children = (
				57F13C0B2084D31C002CC480 /* audiobuffer_test.cpp */,
				5778113B20600B5A004B9C6F /* cuboidroom_test.cpp */,
				5778113D20600B5A004B9C6F /* fdtd_test.cpp */,
				5778113A20600B5A004B9C6F /* ism_test.cpp */,
				5778113920600B5A004B9C6F /* riranalysis_test.cpp */,
				5778113C20600B5A004B9C6F /* tdbem_test.cpp */,
				57B4EF861CD81AB400134991 /* ambisonics_test.cpp */,
				57B4EF871CD81AB400134991 /* cipicmic_test.cpp */,
				57B4EF881CD81AB400134991 /* delayfilter_test.cpp */,
				57B4EF891CD81AB400134991 /* freefieldsimulation_test.cpp */,
				57B4EF8A1CD81AB400134991 /* kemarmic_test.cpp */,
				57B4EF8B1CD81AB400134991 /* microphone_test.cpp */,
				57B4EF8C1CD81AB400134991 /* microphonearray_test.cpp */,
				57B4EF8E1CD81AB400134991 /* propagationline_test.cpp */,
				57B4EF901CD81AB400134991 /* sphericalheadmic_test.cpp */,
				5787B4F0208031060068C104 /* salutilities_test.cpp */,
			);
			name = test;
			sourceTree = "<group>";
		};
		57A156FA1593465600AA6445 /* lib */ = {
			isa = PBXGroup;
			children = (
				570EACA220BF920D000E2618 /* kemarmicdata.cpp */,
				57B053E41D6B039100202654 /* MCL.xcodeproj */,
				57B4EFAB1CD81D5D00134991 /* libsndfile */,
				57B4EFA21CD81D3000134991 /* portaudio */,
				57CE72CE1C95AD7600149808 /* Carbon.framework */,
				57CE72CC1C95AD6900149808 /* AudioToolbox.framework */,
				57CE72C81C95AD3F00149808 /* AudioUnit.framework */,
				57CE72C61C95AD2E00149808 /* CoreAudio.framework */,
				572C3BEA1B35F9CF0071BB39 /* Accelerate.framework */,
			);
			name = lib;
			sourceTree = "<group>";
		};
		57B053E51D6B039100202654 /* Products */ = {
			isa = PBXGroup;
			children = (
				57B053EB1D6B039100202654 /* MCL_test */,
				57B053ED1D6B039100202654 /* libMCL.a */,
				57B053EF1D6B039100202654 /* libMCLiOS.a */,
			);
			name = Products;
			sourceTree = "<group>";
		};
		57B4EFA21CD81D3000134991 /* portaudio */ = {
			isa = PBXGroup;
			children = (
				57B4EFA41CD81D3B00134991 /* lib */,
				57B4EFA31CD81D3500134991 /* include */,
			);
			name = portaudio;
			sourceTree = "<group>";
		};
		57B4EFA31CD81D3500134991 /* include */ = {
			isa = PBXGroup;
			children = (
				57B053E31D6B031F00202654 /* portaudio.h */,
			);
			name = include;
			sourceTree = "<group>";
		};
		57B4EFA41CD81D3B00134991 /* lib */ = {
			isa = PBXGroup;
			children = (
				57B053DF1D6B031500202654 /* libportaudio.a */,
			);
			name = lib;
			sourceTree = "<group>";
		};
		57B4EFAB1CD81D5D00134991 /* libsndfile */ = {
			isa = PBXGroup;
			children = (
				57B4EFAD1CD81D6C00134991 /* lib */,
				57B4EFAC1CD81D6500134991 /* include */,
			);
			name = libsndfile;
			sourceTree = "<group>";
		};
		57B4EFAC1CD81D6500134991 /* include */ = {
			isa = PBXGroup;
			children = (
				57B053D91D6B030300202654 /* sndfile.h */,
				57B053DA1D6B030300202654 /* sndfile.hh */,
			);
			name = include;
			sourceTree = "<group>";
		};
		57B4EFAD1CD81D6C00134991 /* lib */ = {
			isa = PBXGroup;
			children = (
				57B053DB1D6B030A00202654 /* libsndfile.a */,
			);
			name = lib;
			sourceTree = "<group>";
		};
/* End PBXGroup section */

/* Begin PBXHeadersBuildPhase section */
		572A879319C0712500F62F8F /* Headers */ = {
			isa = PBXHeadersBuildPhase;
			buildActionMask = 2147483647;
			files = (
			);
			runOnlyForDeploymentPostprocessing = 0;
		};
		57A1574315934AEC00AA6445 /* Headers */ = {
			isa = PBXHeadersBuildPhase;
			buildActionMask = 2147483647;
			files = (
			);
			runOnlyForDeploymentPostprocessing = 0;
		};
/* End PBXHeadersBuildPhase section */

/* Begin PBXNativeTarget section */
		572A877F19C0712500F62F8F /* SALiOS */ = {
			isa = PBXNativeTarget;
			buildConfigurationList = 572A879519C0712500F62F8F /* Build configuration list for PBXNativeTarget "SALiOS" */;
			buildPhases = (
				572A878219C0712500F62F8F /* Sources */,
				572A879019C0712500F62F8F /* Frameworks */,
				572A879319C0712500F62F8F /* Headers */,
			);
			buildRules = (
			);
			dependencies = (
				57B053F51D6B039E00202654 /* PBXTargetDependency */,
			);
			name = SALiOS;
			productName = SAT;
			productReference = 57B4EFA01CD81B6900134991 /* libSALiOS.a */;
			productType = "com.apple.product-type.library.static";
		};
		57A156C41593457600AA6445 /* SAL test */ = {
			isa = PBXNativeTarget;
			buildConfigurationList = 57A156CF1593457600AA6445 /* Build configuration list for PBXNativeTarget "SAL test" */;
			buildPhases = (
				57A156C11593457600AA6445 /* Sources */,
				57A156C21593457600AA6445 /* Frameworks */,
				57A156C31593457600AA6445 /* CopyFiles */,
			);
			buildRules = (
			);
			dependencies = (
				57B053F11D6B039700202654 /* PBXTargetDependency */,
			);
			name = "SAL test";
			productName = SAT;
			productReference = 57A156C51593457600AA6445 /* SAL_test */;
			productType = "com.apple.product-type.tool";
		};
		57A1574415934AEC00AA6445 /* SAL */ = {
			isa = PBXNativeTarget;
			buildConfigurationList = 57A1574615934AEC00AA6445 /* Build configuration list for PBXNativeTarget "SAL" */;
			buildPhases = (
				57A1574115934AEC00AA6445 /* Sources */,
				57A1574215934AEC00AA6445 /* Frameworks */,
				57A1574315934AEC00AA6445 /* Headers */,
			);
			buildRules = (
			);
			dependencies = (
				57B053F31D6B039B00202654 /* PBXTargetDependency */,
			);
			name = SAL;
			productName = SAT;
			productReference = 57B4EF9F1CD81B6900134991 /* libSAL.a */;
			productType = "com.apple.product-type.library.static";
		};
		57AA6155205C9D290044A3A9 /* SAL doppler */ = {
			isa = PBXNativeTarget;
			buildConfigurationList = 57AA617B205C9D290044A3A9 /* Build configuration list for PBXNativeTarget "SAL doppler" */;
			buildPhases = (
				57AA6158205C9D290044A3A9 /* Sources */,
				57AA6171205C9D290044A3A9 /* Frameworks */,
				57AA617A205C9D290044A3A9 /* CopyFiles */,
			);
			buildRules = (
			);
			dependencies = (
				57AA6156205C9D290044A3A9 /* PBXTargetDependency */,
			);
			name = "SAL doppler";
			productName = SAT;
			productReference = 57AA617E205C9D290044A3A9 /* SAL doppler */;
			productType = "com.apple.product-type.tool";
		};
		57B054751D6B361300202654 /* SAL sound test */ = {
			isa = PBXNativeTarget;
			buildConfigurationList = 57B0549D1D6B361300202654 /* Build configuration list for PBXNativeTarget "SAL sound test" */;
			buildPhases = (
				57B054781D6B361300202654 /* Sources */,
				57B054931D6B361300202654 /* Frameworks */,
				57B0549C1D6B361300202654 /* CopyFiles */,
			);
			buildRules = (
			);
			dependencies = (
				57B054761D6B361300202654 /* PBXTargetDependency */,
			);
			name = "SAL sound test";
			productName = SAT;
			productReference = 57B054A01D6B361300202654 /* SAL sound test */;
			productType = "com.apple.product-type.tool";
		};
/* End PBXNativeTarget section */

/* Begin PBXProject section */
		57A156BC1593457600AA6445 /* Project object */ = {
			isa = PBXProject;
			attributes = {
				LastUpgradeCheck = 1000;
			};
			buildConfigurationList = 57A156BF1593457600AA6445 /* Build configuration list for PBXProject "SAL" */;
			compatibilityVersion = "Xcode 3.2";
			developmentRegion = English;
			hasScannedForEncodings = 0;
			knownRegions = (
				en,
			);
			mainGroup = 57A156BA1593457600AA6445;
			productRefGroup = 57A156C61593457600AA6445 /* targets */;
			projectDirPath = "";
			projectReferences = (
				{
					ProductGroup = 57B053E51D6B039100202654 /* Products */;
					ProjectRef = 57B053E41D6B039100202654 /* MCL.xcodeproj */;
				},
			);
			projectRoot = "";
			targets = (
				57A156C41593457600AA6445 /* SAL test */,
				57A1574415934AEC00AA6445 /* SAL */,
				572A877F19C0712500F62F8F /* SALiOS */,
				57B054751D6B361300202654 /* SAL sound test */,
				57AA6155205C9D290044A3A9 /* SAL doppler */,
			);
		};
/* End PBXProject section */

/* Begin PBXReferenceProxy section */
		57B053EB1D6B039100202654 /* MCL_test */ = {
			isa = PBXReferenceProxy;
			fileType = "compiled.mach-o.executable";
			path = MCL_test;
			remoteRef = 57B053EA1D6B039100202654 /* PBXContainerItemProxy */;
			sourceTree = BUILT_PRODUCTS_DIR;
		};
		57B053ED1D6B039100202654 /* libMCL.a */ = {
			isa = PBXReferenceProxy;
			fileType = archive.ar;
			path = libMCL.a;
			remoteRef = 57B053EC1D6B039100202654 /* PBXContainerItemProxy */;
			sourceTree = BUILT_PRODUCTS_DIR;
		};
		57B053EF1D6B039100202654 /* libMCLiOS.a */ = {
			isa = PBXReferenceProxy;
			fileType = archive.ar;
			path = libMCLiOS.a;
			remoteRef = 57B053EE1D6B039100202654 /* PBXContainerItemProxy */;
			sourceTree = BUILT_PRODUCTS_DIR;
		};
/* End PBXReferenceProxy section */

/* Begin PBXSourcesBuildPhase section */
		572A878219C0712500F62F8F /* Sources */ = {
			isa = PBXSourcesBuildPhase;
			buildActionMask = 2147483647;
			files = (
				572A878319C0712500F62F8F /* ambisonics.cpp in Sources */,
				5778112F20600683004B9C6F /* riranalysis.cpp in Sources */,
				572A878419C0712500F62F8F /* freefieldsimulation.cpp in Sources */,
				572A878519C0712500F62F8F /* sphericalmic.cpp in Sources */,
				578BDE672149BE70001D89B9 /* kemarmicdata.cpp in Sources */,
				572A878719C0712500F62F8F /* kemarmic.cpp in Sources */,
				572A878819C0712500F62F8F /* microphone.cpp in Sources */,
				5778112C20600683004B9C6F /* cuboidroom.cpp in Sources */,
				5778112620600683004B9C6F /* ism.cpp in Sources */,
				572A878D19C0712500F62F8F /* propagationline.cpp in Sources */,
				572A878F19C0712500F62F8F /* wavhandler.cpp in Sources */,
				578A62281D89346200233890 /* source.cpp in Sources */,
				57C2C7AA1B1739A600B7F58C /* binauralmic.cpp in Sources */,
				57444D2B1B1776A400EC31F4 /* cipicmic.cpp in Sources */,
				5722E2431C9ECB49007FCF59 /* delayfilter.cpp in Sources */,
				5778113220600683004B9C6F /* fdtd.cpp in Sources */,
				5778112920600683004B9C6F /* tdbem.cpp in Sources */,
				57C94CD4204F86E500471213 /* salutilities.cpp in Sources */,
			);
			runOnlyForDeploymentPostprocessing = 0;
		};
		57A156C11593457600AA6445 /* Sources */ = {
			isa = PBXSourcesBuildPhase;
			buildActionMask = 2147483647;
			files = (
				578EB0B720863130006F06B8 /* ambisonics.cpp in Sources */,
				576C17DD20856F5F00EFBACE /* kemarmic_test.cpp in Sources */,
				57F13C1320853C2A002CC480 /* microphone.cpp in Sources */,
				57F13C0E20853C0B002CC480 /* sal_tests.cpp in Sources */,
				576C17D320853C7F00EFBACE /* microphone_test.cpp in Sources */,
				578EB0BE2086646B006F06B8 /* tdbem.cpp in Sources */,
				57F13C1120853C21002CC480 /* binauralmic.cpp in Sources */,
				578EB0C520866F57006F06B8 /* pawrapper.cpp in Sources */,
				578EB0BF20866650006F06B8 /* fdtd.cpp in Sources */,
				576C17DA2085646B00EFBACE /* wavhandler.cpp in Sources */,
				578EB0622085BA5A006F06B8 /* ism.cpp in Sources */,
				578EB0B820863132006F06B8 /* ambisonics_test.cpp in Sources */,
				576C17D120853C7D00EFBACE /* audiobuffer_test.cpp in Sources */,
				578EB0B520861631006F06B8 /* freefieldsimulation_test.cpp in Sources */,
				576C17D520853C8A00EFBACE /* salutilities_test.cpp in Sources */,
				576C17D92085636700EFBACE /* cipicmic.cpp in Sources */,
				578EB0BD2086644F006F06B8 /* fdtd_test.cpp in Sources */,
				578EB0BB2086644E006F06B8 /* tdbem_test.cpp in Sources */,
				578EB0B420860210006F06B8 /* freefieldsimulation.cpp in Sources */,
				578EB0B6208625E4006F06B8 /* microphonearray_test.cpp in Sources */,
				57F13C1220853C26002CC480 /* salutilities.cpp in Sources */,
				578EB06A2085BE6C006F06B8 /* cuboidroom_test.cpp in Sources */,
				578EB0602085BA56006F06B8 /* riranalysis_test.cpp in Sources */,
				578EB0672085BE5F006F06B8 /* delayfilter_test.cpp in Sources */,
				578EB0682085BE60006F06B8 /* propagationline_test.cpp in Sources */,
				578EB0652085BD90006F06B8 /* delayfilter.cpp in Sources */,
				578EB0662085BE4D006F06B8 /* propagationline.cpp in Sources */,
				578EB0632085BD73006F06B8 /* cuboidroom.cpp in Sources */,
				570EACA320BF920E000E2618 /* kemarmicdata.cpp in Sources */,
				578EB0612085BA57006F06B8 /* ism_test.cpp in Sources */,
				578EB0642085BD82006F06B8 /* source.cpp in Sources */,
				578EB05F2085BA53006F06B8 /* riranalysis.cpp in Sources */,
				578EB05C2085B8E3006F06B8 /* sphericalmic.cpp in Sources */,
				576C17DC20856F4E00EFBACE /* kemarmic.cpp in Sources */,
				578EB05E2085B8E5006F06B8 /* sphericalheadmic_test.cpp in Sources */,
				576C17DB208564A700EFBACE /* cipicmic_test.cpp in Sources */,
			);
			runOnlyForDeploymentPostprocessing = 0;
		};
		57A1574115934AEC00AA6445 /* Sources */ = {
			isa = PBXSourcesBuildPhase;
			buildActionMask = 2147483647;
			files = (
				570EACA820BF9410000E2618 /* kemarmicdata.cpp in Sources */,
				57CE72BC1C95844A00149808 /* pawrapper.cpp in Sources */,
				5759540F174123EE0015B9A0 /* ambisonics.cpp in Sources */,
				5778112B20600683004B9C6F /* cuboidroom.cpp in Sources */,
				57595410174123EE0015B9A0 /* freefieldsimulation.cpp in Sources */,
				57D7EB601625CE5A00771188 /* sphericalmic.cpp in Sources */,
				578A62271D89346200233890 /* source.cpp in Sources */,
				57A1574A15934AFF00AA6445 /* kemarmic.cpp in Sources */,
				57A1574D15934AFF00AA6445 /* microphone.cpp in Sources */,
				5722E2421C9ECB49007FCF59 /* delayfilter.cpp in Sources */,
				5778112E20600683004B9C6F /* riranalysis.cpp in Sources */,
				57895F6216304F18002C962B /* propagationline.cpp in Sources */,
				5778113120600683004B9C6F /* fdtd.cpp in Sources */,
				5778112520600683004B9C6F /* ism.cpp in Sources */,
				5768D6251639CFFB00F557B8 /* wavhandler.cpp in Sources */,
				5778112820600683004B9C6F /* tdbem.cpp in Sources */,
				57C2C7A91B1739A600B7F58C /* binauralmic.cpp in Sources */,
				57444D2A1B1776A400EC31F4 /* cipicmic.cpp in Sources */,
				57C94CD2204F86E200471213 /* salutilities.cpp in Sources */,
			);
			runOnlyForDeploymentPostprocessing = 0;
		};
		57AA6158205C9D290044A3A9 /* Sources */ = {
			isa = PBXSourcesBuildPhase;
			buildActionMask = 2147483647;
			files = (
				57AA617F205C9D3D0044A3A9 /* sal_doppler.cpp in Sources */,
				57AA6159205C9D290044A3A9 /* salutilities.cpp in Sources */,
				57AA615B205C9D290044A3A9 /* microphonearray_test.cpp in Sources */,
				57AA615C205C9D290044A3A9 /* cipicmic.cpp in Sources */,
				570EACA620BF9217000E2618 /* kemarmicdata.cpp in Sources */,
				57AA615D205C9D290044A3A9 /* binauralmic.cpp in Sources */,
				57AA615E205C9D290044A3A9 /* delayfilter_test.cpp in Sources */,
				57AA615F205C9D290044A3A9 /* freefieldsimulation.cpp in Sources */,
				57AA6160205C9D290044A3A9 /* propagationline.cpp in Sources */,
				57AA6161205C9D290044A3A9 /* ambisonics.cpp in Sources */,
				57AA6163205C9D290044A3A9 /* kemarmic.cpp in Sources */,
				57AA6164205C9D290044A3A9 /* sphericalmic.cpp in Sources */,
				57AA6165205C9D290044A3A9 /* pawrapper.cpp in Sources */,
				57AA6166205C9D290044A3A9 /* microphone.cpp in Sources */,
				57AA6167205C9D290044A3A9 /* propagationline_test.cpp in Sources */,
				57AA6168205C9D290044A3A9 /* delayfilter.cpp in Sources */,
				57AA6169205C9D290044A3A9 /* cipicmic_test.cpp in Sources */,
				57AA616A205C9D290044A3A9 /* sphericalheadmic_test.cpp in Sources */,
				57AA616B205C9D290044A3A9 /* microphone_test.cpp in Sources */,
				57AA616C205C9D290044A3A9 /* wavhandler.cpp in Sources */,
				57AA616D205C9D290044A3A9 /* source.cpp in Sources */,
				57AA616E205C9D290044A3A9 /* ambisonics_test.cpp in Sources */,
				57AA616F205C9D290044A3A9 /* kemarmic_test.cpp in Sources */,
				57AA6170205C9D290044A3A9 /* freefieldsimulation_test.cpp in Sources */,
			);
			runOnlyForDeploymentPostprocessing = 0;
		};
		57B054781D6B361300202654 /* Sources */ = {
			isa = PBXSourcesBuildPhase;
			buildActionMask = 2147483647;
			files = (
				57AA6152205C9C3A0044A3A9 /* salutilities.cpp in Sources */,
				57B054A11D6B363100202654 /* sal_sound_test.cpp in Sources */,
				57B0547A1D6B361300202654 /* microphonearray_test.cpp in Sources */,
				57B0547B1D6B361300202654 /* cipicmic.cpp in Sources */,
				570EACA720BF9217000E2618 /* kemarmicdata.cpp in Sources */,
				57B0547C1D6B361300202654 /* binauralmic.cpp in Sources */,
				57B0547D1D6B361300202654 /* delayfilter_test.cpp in Sources */,
				57B0547E1D6B361300202654 /* freefieldsimulation.cpp in Sources */,
				57B054801D6B361300202654 /* propagationline.cpp in Sources */,
				57B054811D6B361300202654 /* ambisonics.cpp in Sources */,
				57B054841D6B361300202654 /* kemarmic.cpp in Sources */,
				57B054851D6B361300202654 /* sphericalmic.cpp in Sources */,
				57B054791D6B361300202654 /* pawrapper.cpp in Sources */,
				57B054871D6B361300202654 /* microphone.cpp in Sources */,
				57B054881D6B361300202654 /* propagationline_test.cpp in Sources */,
				57B0548A1D6B361300202654 /* delayfilter.cpp in Sources */,
				57B0548B1D6B361300202654 /* cipicmic_test.cpp in Sources */,
				57B0548C1D6B361300202654 /* sphericalheadmic_test.cpp in Sources */,
				57B0548E1D6B361300202654 /* microphone_test.cpp in Sources */,
				57B0548F1D6B361300202654 /* wavhandler.cpp in Sources */,
				578A62291D89346200233890 /* source.cpp in Sources */,
				57B054901D6B361300202654 /* ambisonics_test.cpp in Sources */,
				57B054911D6B361300202654 /* kemarmic_test.cpp in Sources */,
				57B054921D6B361300202654 /* freefieldsimulation_test.cpp in Sources */,
			);
			runOnlyForDeploymentPostprocessing = 0;
		};
/* End PBXSourcesBuildPhase section */

/* Begin PBXTargetDependency section */
		57AA6156205C9D290044A3A9 /* PBXTargetDependency */ = {
			isa = PBXTargetDependency;
			name = MCL;
			targetProxy = 57AA6157205C9D290044A3A9 /* PBXContainerItemProxy */;
		};
		57B053F11D6B039700202654 /* PBXTargetDependency */ = {
			isa = PBXTargetDependency;
			name = MCL;
			targetProxy = 57B053F01D6B039700202654 /* PBXContainerItemProxy */;
		};
		57B053F31D6B039B00202654 /* PBXTargetDependency */ = {
			isa = PBXTargetDependency;
			name = MCL;
			targetProxy = 57B053F21D6B039B00202654 /* PBXContainerItemProxy */;
		};
		57B053F51D6B039E00202654 /* PBXTargetDependency */ = {
			isa = PBXTargetDependency;
			name = MCLiOS;
			targetProxy = 57B053F41D6B039E00202654 /* PBXContainerItemProxy */;
		};
		57B054761D6B361300202654 /* PBXTargetDependency */ = {
			isa = PBXTargetDependency;
			name = MCL;
			targetProxy = 57B054771D6B361300202654 /* PBXContainerItemProxy */;
		};
/* End PBXTargetDependency section */

/* Begin XCBuildConfiguration section */
		572A879619C0712500F62F8F /* Debug */ = {
			isa = XCBuildConfiguration;
			buildSettings = {
				ALWAYS_SEARCH_USER_PATHS = YES;
				CLANG_CXX_LANGUAGE_STANDARD = "c++0x";
				CLANG_CXX_LIBRARY = "libc++";
				CLANG_ENABLE_OBJC_WEAK = YES;
				CLANG_USE_OPTIMIZATION_PROFILE = NO;
				CLANG_X86_VECTOR_INSTRUCTIONS = default;
				COMBINE_HIDPI_IMAGES = YES;
				EXECUTABLE_PREFIX = lib;
				GCC_ENABLE_CPP_RTTI = YES;
				GCC_ENABLE_KERNEL_DEVELOPMENT = NO;
				GCC_OPTIMIZATION_LEVEL = fast;
				GCC_UNROLL_LOOPS = YES;
				GCC_VERSION = com.apple.compilers.llvm.clang.1_0;
				HEADER_SEARCH_PATHS = "$(inherited)";
				LIBRARY_SEARCH_PATHS = (
					"$(inherited)",
					"$(PROJECT_DIR)/libsndfile/lib",
					"$(PROJECT_DIR)/portaudio/lib",
				);
				LLVM_LTO = YES;
				MACOSX_DEPLOYMENT_TARGET = "";
				OTHER_CFLAGS = "";
				OTHER_CPLUSPLUSFLAGS = (
					"$(OTHER_CFLAGS)",
					"-IOSARM",
				);
				PRODUCT_NAME = SALiOS;
				SDKROOT = iphoneos;
				SKIP_INSTALL = YES;
				USER_HEADER_SEARCH_PATHS = "";
			};
			name = Debug;
		};
		572A879719C0712500F62F8F /* Release */ = {
			isa = XCBuildConfiguration;
			buildSettings = {
				ALWAYS_SEARCH_USER_PATHS = YES;
				CLANG_CXX_LANGUAGE_STANDARD = "c++0x";
				CLANG_CXX_LIBRARY = "libc++";
				CLANG_ENABLE_OBJC_WEAK = YES;
				CLANG_USE_OPTIMIZATION_PROFILE = NO;
				CLANG_X86_VECTOR_INSTRUCTIONS = default;
				COMBINE_HIDPI_IMAGES = YES;
				EXECUTABLE_PREFIX = lib;
				GCC_ENABLE_CPP_RTTI = YES;
				GCC_ENABLE_KERNEL_DEVELOPMENT = NO;
				GCC_OPTIMIZATION_LEVEL = fast;
				GCC_PREPROCESSOR_DEFINITIONS = "$(inherited)";
				GCC_UNROLL_LOOPS = YES;
				GCC_VERSION = com.apple.compilers.llvm.clang.1_0;
				HEADER_SEARCH_PATHS = "$(inherited)";
				LIBRARY_SEARCH_PATHS = (
					"$(inherited)",
					"$(PROJECT_DIR)/libsndfile/lib",
					"$(PROJECT_DIR)/portaudio/lib",
				);
				LLVM_LTO = YES;
				MACOSX_DEPLOYMENT_TARGET = "";
				OTHER_CFLAGS = "";
				OTHER_CPLUSPLUSFLAGS = (
					"$(OTHER_CFLAGS)",
					"-IOSARM",
				);
				PRODUCT_NAME = SALiOS;
				SDKROOT = iphoneos;
				SKIP_INSTALL = YES;
				USER_HEADER_SEARCH_PATHS = "";
			};
			name = Release;
		};
		57A156CD1593457600AA6445 /* Debug */ = {
			isa = XCBuildConfiguration;
			buildSettings = {
				ALWAYS_SEARCH_USER_PATHS = NO;
				CLANG_CXX_LANGUAGE_STANDARD = "compiler-default";
				CLANG_CXX_LIBRARY = "compiler-default";
				CLANG_WARN_BLOCK_CAPTURE_AUTORELEASING = YES;
				CLANG_WARN_BOOL_CONVERSION = YES;
				CLANG_WARN_COMMA = YES;
				CLANG_WARN_CONSTANT_CONVERSION = YES;
				CLANG_WARN_DEPRECATED_OBJC_IMPLEMENTATIONS = YES;
				CLANG_WARN_EMPTY_BODY = YES;
				CLANG_WARN_ENUM_CONVERSION = YES;
				CLANG_WARN_INFINITE_RECURSION = YES;
				CLANG_WARN_INT_CONVERSION = YES;
				CLANG_WARN_NON_LITERAL_NULL_CONVERSION = YES;
				CLANG_WARN_OBJC_IMPLICIT_RETAIN_SELF = YES;
				CLANG_WARN_OBJC_LITERAL_CONVERSION = YES;
				CLANG_WARN_RANGE_LOOP_ANALYSIS = YES;
				CLANG_WARN_STRICT_PROTOTYPES = YES;
				CLANG_WARN_SUSPICIOUS_MOVE = YES;
				CLANG_WARN_UNREACHABLE_CODE = YES;
				CLANG_WARN__DUPLICATE_METHOD_MATCH = YES;
				COPY_PHASE_STRIP = NO;
				ENABLE_STRICT_OBJC_MSGSEND = YES;
				ENABLE_TESTABILITY = YES;
				GCC_C_LANGUAGE_STANDARD = "compiler-default";
				GCC_DYNAMIC_NO_PIC = NO;
				GCC_ENABLE_OBJC_EXCEPTIONS = YES;
				GCC_NO_COMMON_BLOCKS = YES;
				GCC_OPTIMIZATION_LEVEL = 0;
				GCC_PREPROCESSOR_DEFINITIONS = (
					"DEBUG=1",
					"$(inherited)",
				);
				GCC_SYMBOLS_PRIVATE_EXTERN = NO;
				GCC_VERSION = com.apple.compilers.llvm.clang.1_0;
				GCC_WARN_64_TO_32_BIT_CONVERSION = YES;
				GCC_WARN_ABOUT_MISSING_PROTOTYPES = YES;
				GCC_WARN_ABOUT_RETURN_TYPE = YES;
				GCC_WARN_UNDECLARED_SELECTOR = YES;
				GCC_WARN_UNINITIALIZED_AUTOS = YES;
				GCC_WARN_UNUSED_FUNCTION = YES;
				GCC_WARN_UNUSED_VARIABLE = YES;
				HEADER_SEARCH_PATHS = (
					"$(PROJECT_DIR)/mcl/include",
					"$(PROJECT_DIR)/portaudio/include",
					"$(PROJECT_DIR)/mcl/butter/include",
					"$(PROJECT_DIR)/mcl/kissfft/include",
					"$(PROJECT_DIR)/boost/libs/lockfree/include",
					"$(PROJECT_DIR)/portaudio/include",
					"$(PROJECT_DIR)/boost",
				);
				LIBRARY_SEARCH_PATHS = (
					"$(PROJECT_DIR)/portaudio/lib",
					"$(PROJECT_DIR)/libsndfile/lib",
				);
				MACOSX_DEPLOYMENT_TARGET = 10.7;
				ONLY_ACTIVE_ARCH = YES;
				SDKROOT = macosx;
			};
			name = Debug;
		};
		57A156CE1593457600AA6445 /* Release */ = {
			isa = XCBuildConfiguration;
			buildSettings = {
				ALWAYS_SEARCH_USER_PATHS = NO;
				CLANG_CXX_LANGUAGE_STANDARD = "compiler-default";
				CLANG_CXX_LIBRARY = "compiler-default";
				CLANG_WARN_BLOCK_CAPTURE_AUTORELEASING = YES;
				CLANG_WARN_BOOL_CONVERSION = YES;
				CLANG_WARN_COMMA = YES;
				CLANG_WARN_CONSTANT_CONVERSION = YES;
				CLANG_WARN_DEPRECATED_OBJC_IMPLEMENTATIONS = YES;
				CLANG_WARN_EMPTY_BODY = YES;
				CLANG_WARN_ENUM_CONVERSION = YES;
				CLANG_WARN_INFINITE_RECURSION = YES;
				CLANG_WARN_INT_CONVERSION = YES;
				CLANG_WARN_NON_LITERAL_NULL_CONVERSION = YES;
				CLANG_WARN_OBJC_IMPLICIT_RETAIN_SELF = YES;
				CLANG_WARN_OBJC_LITERAL_CONVERSION = YES;
				CLANG_WARN_RANGE_LOOP_ANALYSIS = YES;
				CLANG_WARN_STRICT_PROTOTYPES = YES;
				CLANG_WARN_SUSPICIOUS_MOVE = YES;
				CLANG_WARN_UNREACHABLE_CODE = YES;
				CLANG_WARN__DUPLICATE_METHOD_MATCH = YES;
				COPY_PHASE_STRIP = YES;
				DEBUG_INFORMATION_FORMAT = "dwarf-with-dsym";
				ENABLE_STRICT_OBJC_MSGSEND = YES;
				GCC_C_LANGUAGE_STANDARD = "compiler-default";
				GCC_ENABLE_OBJC_EXCEPTIONS = YES;
				GCC_NO_COMMON_BLOCKS = YES;
				GCC_OPTIMIZATION_LEVEL = 0;
				GCC_PREPROCESSOR_DEFINITIONS = (
					NDEBUG,
					DNDEBUG,
				);
				GCC_VERSION = com.apple.compilers.llvm.clang.1_0;
				GCC_WARN_64_TO_32_BIT_CONVERSION = YES;
				GCC_WARN_ABOUT_MISSING_PROTOTYPES = YES;
				GCC_WARN_ABOUT_RETURN_TYPE = YES;
				GCC_WARN_UNDECLARED_SELECTOR = YES;
				GCC_WARN_UNINITIALIZED_AUTOS = YES;
				GCC_WARN_UNUSED_FUNCTION = YES;
				GCC_WARN_UNUSED_VARIABLE = YES;
				HEADER_SEARCH_PATHS = (
					"$(PROJECT_DIR)/mcl/include",
					"$(PROJECT_DIR)/portaudio/include",
					"$(PROJECT_DIR)/mcl/butter/include",
					"$(PROJECT_DIR)/mcl/kissfft/include",
					"$(PROJECT_DIR)/boost/libs/lockfree/include",
					"$(PROJECT_DIR)/portaudio/include",
					"$(PROJECT_DIR)/boost",
				);
				LIBRARY_SEARCH_PATHS = (
					"$(PROJECT_DIR)/portaudio/lib",
					"$(PROJECT_DIR)/libsndfile/lib",
				);
				MACOSX_DEPLOYMENT_TARGET = 10.7;
				SDKROOT = macosx;
			};
			name = Release;
		};
		57A156D01593457600AA6445 /* Debug */ = {
			isa = XCBuildConfiguration;
			buildSettings = {
				ALWAYS_SEARCH_USER_PATHS = NO;
				CLANG_CXX_LANGUAGE_STANDARD = "c++0x";
				CLANG_CXX_LIBRARY = "libc++";
				CLANG_ENABLE_OBJC_WEAK = YES;
				CLANG_WARN_SUSPICIOUS_IMPLICIT_CONVERSION = YES;
				CLANG_X86_VECTOR_INSTRUCTIONS = avx;
				GCC_C_LANGUAGE_STANDARD = "compiler-default";
				GCC_ENABLE_SSE42_EXTENSIONS = YES;
				GCC_OPTIMIZATION_LEVEL = 0;
				GCC_PREPROCESSOR_DEFINITIONS = (
					"DEBUG=1",
					"__DIR__=\\\"$(SRCROOT)/\\\"",
					"$(inherited)",
				);
				GCC_SYMBOLS_PRIVATE_EXTERN = NO;
				GCC_UNROLL_LOOPS = YES;
				GCC_VERSION = com.apple.compilers.llvm.clang.1_0;
				GCC_WARN_SIGN_COMPARE = YES;
				GCC_WARN_UNUSED_VARIABLE = YES;
				HEADER_SEARCH_PATHS = "$(inherited)";
				LIBRARY_SEARCH_PATHS = (
					"$(inherited)",
					"$(PROJECT_DIR)/libsndfile/lib",
					"$(PROJECT_DIR)/portaudio/lib",
				);
				LLVM_LTO = NO;
				MACOSX_DEPLOYMENT_TARGET = "";
				PRODUCT_NAME = SAL_test;
				USER_HEADER_SEARCH_PATHS = "";
			};
			name = Debug;
		};
		57A156D11593457600AA6445 /* Release */ = {
			isa = XCBuildConfiguration;
			buildSettings = {
				ALWAYS_SEARCH_USER_PATHS = NO;
				CLANG_CXX_LANGUAGE_STANDARD = "c++0x";
				CLANG_CXX_LIBRARY = "libc++";
				CLANG_ENABLE_OBJC_WEAK = YES;
				CLANG_WARN_SUSPICIOUS_IMPLICIT_CONVERSION = YES;
				CLANG_X86_VECTOR_INSTRUCTIONS = avx;
				GCC_C_LANGUAGE_STANDARD = "compiler-default";
				GCC_ENABLE_SSE42_EXTENSIONS = YES;
				GCC_OPTIMIZATION_LEVEL = 0;
				GCC_PREPROCESSOR_DEFINITIONS = (
					"__DIR__=\\\"$(SRCROOT)/\\\"",
					"$(inherited)",
				);
				GCC_SYMBOLS_PRIVATE_EXTERN = NO;
				GCC_UNROLL_LOOPS = YES;
				GCC_VERSION = com.apple.compilers.llvm.clang.1_0;
				GCC_WARN_SIGN_COMPARE = YES;
				GCC_WARN_UNUSED_VARIABLE = YES;
				HEADER_SEARCH_PATHS = "$(inherited)";
				LIBRARY_SEARCH_PATHS = (
					"$(inherited)",
					"$(PROJECT_DIR)/libsndfile/lib",
					"$(PROJECT_DIR)/portaudio/lib",
				);
				LLVM_LTO = NO;
				MACOSX_DEPLOYMENT_TARGET = "";
				PRODUCT_NAME = SAL_test;
				USER_HEADER_SEARCH_PATHS = "";
			};
			name = Release;
		};
		57A1574715934AEC00AA6445 /* Debug */ = {
			isa = XCBuildConfiguration;
			buildSettings = {
				ALWAYS_SEARCH_USER_PATHS = NO;
				CLANG_CXX_LANGUAGE_STANDARD = "c++0x";
				CLANG_CXX_LIBRARY = "libc++";
				CLANG_ENABLE_OBJC_WEAK = YES;
				CLANG_X86_VECTOR_INSTRUCTIONS = sse4.2;
				COMBINE_HIDPI_IMAGES = YES;
				EXECUTABLE_PREFIX = lib;
				GCC_ENABLE_CPP_RTTI = YES;
				GCC_ENABLE_KERNEL_DEVELOPMENT = NO;
				GCC_OPTIMIZATION_LEVEL = 0;
				GCC_UNROLL_LOOPS = YES;
				GCC_VERSION = com.apple.compilers.llvm.clang.1_0;
				HEADER_SEARCH_PATHS = "$(inherited)";
				LIBRARY_SEARCH_PATHS = (
					"$(inherited)",
					"$(PROJECT_DIR)/libsndfile/lib",
					"$(PROJECT_DIR)/portaudio/lib",
				);
				LLVM_LTO = NO;
				MACOSX_DEPLOYMENT_TARGET = 10.8;
				OTHER_CFLAGS = "";
				PRODUCT_NAME = SAL;
				SDKROOT = macosx;
				SKIP_INSTALL = YES;
				STRIP_INSTALLED_PRODUCT = NO;
				USER_HEADER_SEARCH_PATHS = "";
			};
			name = Debug;
		};
		57A1574815934AEC00AA6445 /* Release */ = {
			isa = XCBuildConfiguration;
			buildSettings = {
				ALWAYS_SEARCH_USER_PATHS = NO;
				CLANG_CXX_LANGUAGE_STANDARD = "c++0x";
				CLANG_CXX_LIBRARY = "libc++";
				CLANG_ENABLE_OBJC_WEAK = YES;
				CLANG_X86_VECTOR_INSTRUCTIONS = sse4.2;
				COMBINE_HIDPI_IMAGES = YES;
				EXECUTABLE_PREFIX = lib;
				GCC_ENABLE_CPP_RTTI = YES;
				GCC_ENABLE_KERNEL_DEVELOPMENT = NO;
				GCC_OPTIMIZATION_LEVEL = fast;
				GCC_PREPROCESSOR_DEFINITIONS = "$(inherited)";
				GCC_UNROLL_LOOPS = YES;
				GCC_VERSION = com.apple.compilers.llvm.clang.1_0;
				HEADER_SEARCH_PATHS = "$(inherited)";
				LIBRARY_SEARCH_PATHS = (
					"$(inherited)",
					"$(PROJECT_DIR)/libsndfile/lib",
					"$(PROJECT_DIR)/portaudio/lib",
				);
				LLVM_LTO = YES;
				MACOSX_DEPLOYMENT_TARGET = 10.8;
				OTHER_CFLAGS = "-DNDEBUG";
				PRODUCT_NAME = SAL;
				SDKROOT = macosx;
				SKIP_INSTALL = YES;
				USER_HEADER_SEARCH_PATHS = "";
			};
			name = Release;
		};
		57AA617C205C9D290044A3A9 /* Debug */ = {
			isa = XCBuildConfiguration;
			buildSettings = {
				ALWAYS_SEARCH_USER_PATHS = NO;
				CLANG_CXX_LANGUAGE_STANDARD = "c++0x";
				CLANG_CXX_LIBRARY = "libc++";
				CLANG_ENABLE_OBJC_WEAK = YES;
				GCC_C_LANGUAGE_STANDARD = "compiler-default";
				GCC_ENABLE_SSE42_EXTENSIONS = YES;
				GCC_OPTIMIZATION_LEVEL = 0;
				GCC_PREPROCESSOR_DEFINITIONS = (
					"DEBUG=1",
					"__DIR__=\\\"$(SRCROOT)/\\\"",
				);
				GCC_SYMBOLS_PRIVATE_EXTERN = NO;
				GCC_UNROLL_LOOPS = YES;
				GCC_VERSION = com.apple.compilers.llvm.clang.1_0;
				GCC_WARN_UNUSED_VARIABLE = YES;
				HEADER_SEARCH_PATHS = "$(inherited)";
				LIBRARY_SEARCH_PATHS = (
					"$(inherited)",
					"$(PROJECT_DIR)/libsndfile/lib",
					"$(PROJECT_DIR)/portaudio/lib",
				);
				LLVM_LTO = NO;
				MACOSX_DEPLOYMENT_TARGET = "";
				PRODUCT_NAME = "$(TARGET_NAME)";
				USER_HEADER_SEARCH_PATHS = "";
			};
			name = Debug;
		};
		57AA617D205C9D290044A3A9 /* Release */ = {
			isa = XCBuildConfiguration;
			buildSettings = {
				ALWAYS_SEARCH_USER_PATHS = NO;
				CLANG_CXX_LANGUAGE_STANDARD = "c++0x";
				CLANG_CXX_LIBRARY = "libc++";
				CLANG_ENABLE_OBJC_WEAK = YES;
				GCC_C_LANGUAGE_STANDARD = "compiler-default";
				GCC_ENABLE_SSE42_EXTENSIONS = YES;
				GCC_OPTIMIZATION_LEVEL = 0;
				GCC_PREPROCESSOR_DEFINITIONS = "__DIR__=\\\"$(SRCROOT)/\\\"";
				GCC_SYMBOLS_PRIVATE_EXTERN = NO;
				GCC_UNROLL_LOOPS = YES;
				GCC_VERSION = com.apple.compilers.llvm.clang.1_0;
				GCC_WARN_UNUSED_VARIABLE = YES;
				HEADER_SEARCH_PATHS = "$(inherited)";
				LIBRARY_SEARCH_PATHS = (
					"$(inherited)",
					"$(PROJECT_DIR)/libsndfile/lib",
					"$(PROJECT_DIR)/portaudio/lib",
				);
				LLVM_LTO = NO;
				MACOSX_DEPLOYMENT_TARGET = "";
				PRODUCT_NAME = "$(TARGET_NAME)";
				USER_HEADER_SEARCH_PATHS = "";
			};
			name = Release;
		};
		57B0549E1D6B361300202654 /* Debug */ = {
			isa = XCBuildConfiguration;
			buildSettings = {
				ALWAYS_SEARCH_USER_PATHS = NO;
				CLANG_CXX_LANGUAGE_STANDARD = "c++0x";
				CLANG_CXX_LIBRARY = "libc++";
				CLANG_ENABLE_OBJC_WEAK = YES;
				GCC_C_LANGUAGE_STANDARD = "compiler-default";
				GCC_ENABLE_SSE42_EXTENSIONS = YES;
				GCC_OPTIMIZATION_LEVEL = 0;
				GCC_PREPROCESSOR_DEFINITIONS = (
					"DEBUG=1",
					"__DIR__=\\\"$(SRCROOT)/\\\"",
				);
				GCC_SYMBOLS_PRIVATE_EXTERN = NO;
				GCC_UNROLL_LOOPS = YES;
				GCC_VERSION = com.apple.compilers.llvm.clang.1_0;
				GCC_WARN_UNUSED_VARIABLE = YES;
				HEADER_SEARCH_PATHS = "$(inherited)";
				LIBRARY_SEARCH_PATHS = (
					"$(inherited)",
					"$(PROJECT_DIR)/libsndfile/lib",
					"$(PROJECT_DIR)/portaudio/lib",
				);
				LLVM_LTO = NO;
				MACOSX_DEPLOYMENT_TARGET = "";
				PRODUCT_NAME = "$(TARGET_NAME)";
				USER_HEADER_SEARCH_PATHS = "";
			};
			name = Debug;
		};
		57B0549F1D6B361300202654 /* Release */ = {
			isa = XCBuildConfiguration;
			buildSettings = {
				ALWAYS_SEARCH_USER_PATHS = NO;
				CLANG_CXX_LANGUAGE_STANDARD = "c++0x";
				CLANG_CXX_LIBRARY = "libc++";
				CLANG_ENABLE_OBJC_WEAK = YES;
				GCC_C_LANGUAGE_STANDARD = "compiler-default";
				GCC_ENABLE_SSE42_EXTENSIONS = YES;
				GCC_OPTIMIZATION_LEVEL = 0;
				GCC_PREPROCESSOR_DEFINITIONS = "__DIR__=\\\"$(SRCROOT)/\\\"";
				GCC_SYMBOLS_PRIVATE_EXTERN = NO;
				GCC_UNROLL_LOOPS = YES;
				GCC_VERSION = com.apple.compilers.llvm.clang.1_0;
				GCC_WARN_UNUSED_VARIABLE = YES;
				HEADER_SEARCH_PATHS = "$(inherited)";
				LIBRARY_SEARCH_PATHS = (
					"$(inherited)",
					"$(PROJECT_DIR)/libsndfile/lib",
					"$(PROJECT_DIR)/portaudio/lib",
				);
				LLVM_LTO = NO;
				MACOSX_DEPLOYMENT_TARGET = "";
				PRODUCT_NAME = "$(TARGET_NAME)";
				USER_HEADER_SEARCH_PATHS = "";
			};
			name = Release;
		};
/* End XCBuildConfiguration section */

/* Begin XCConfigurationList section */
		572A879519C0712500F62F8F /* Build configuration list for PBXNativeTarget "SALiOS" */ = {
			isa = XCConfigurationList;
			buildConfigurations = (
				572A879619C0712500F62F8F /* Debug */,
				572A879719C0712500F62F8F /* Release */,
			);
			defaultConfigurationIsVisible = 0;
			defaultConfigurationName = Release;
		};
		57A156BF1593457600AA6445 /* Build configuration list for PBXProject "SAL" */ = {
			isa = XCConfigurationList;
			buildConfigurations = (
				57A156CD1593457600AA6445 /* Debug */,
				57A156CE1593457600AA6445 /* Release */,
			);
			defaultConfigurationIsVisible = 0;
			defaultConfigurationName = Release;
		};
		57A156CF1593457600AA6445 /* Build configuration list for PBXNativeTarget "SAL test" */ = {
			isa = XCConfigurationList;
			buildConfigurations = (
				57A156D01593457600AA6445 /* Debug */,
				57A156D11593457600AA6445 /* Release */,
			);
			defaultConfigurationIsVisible = 0;
			defaultConfigurationName = Release;
		};
		57A1574615934AEC00AA6445 /* Build configuration list for PBXNativeTarget "SAL" */ = {
			isa = XCConfigurationList;
			buildConfigurations = (
				57A1574715934AEC00AA6445 /* Debug */,
				57A1574815934AEC00AA6445 /* Release */,
			);
			defaultConfigurationIsVisible = 0;
			defaultConfigurationName = Release;
		};
		57AA617B205C9D290044A3A9 /* Build configuration list for PBXNativeTarget "SAL doppler" */ = {
			isa = XCConfigurationList;
			buildConfigurations = (
				57AA617C205C9D290044A3A9 /* Debug */,
				57AA617D205C9D290044A3A9 /* Release */,
			);
			defaultConfigurationIsVisible = 0;
			defaultConfigurationName = Release;
		};
		57B0549D1D6B361300202654 /* Build configuration list for PBXNativeTarget "SAL sound test" */ = {
			isa = XCConfigurationList;
			buildConfigurations = (
				57B0549E1D6B361300202654 /* Debug */,
				57B0549F1D6B361300202654 /* Release */,
			);
			defaultConfigurationIsVisible = 0;
			defaultConfigurationName = Release;
		};
/* End XCConfigurationList section */
	};
	rootObject = 57A156BC1593457600AA6445 /* Project object */;
}
