// !$*UTF8*$!
{
	archiveVersion = 1;
	classes = {
	};
	objectVersion = 46;
	objects = {

/* Begin PBXBuildFile section */
		572052121624896A00E32B53 /* psrmic.cpp in Sources */ = {isa = PBXBuildFile; fileRef = 5720520F1624896A00E32B53 /* psrmic.cpp */; };
		572868FA17E2E5CE00E1D390 /* ambisonics_test.cpp in Sources */ = {isa = PBXBuildFile; fileRef = 572868EF17E2E5CE00E1D390 /* ambisonics_test.cpp */; };
		572868FB17E2E5CE00E1D390 /* delayfilter_test.cpp in Sources */ = {isa = PBXBuildFile; fileRef = 572868F017E2E5CE00E1D390 /* delayfilter_test.cpp */; };
		572868FC17E2E5CE00E1D390 /* freefieldsimulation_test.cpp in Sources */ = {isa = PBXBuildFile; fileRef = 572868F117E2E5CE00E1D390 /* freefieldsimulation_test.cpp */; };
		572868FD17E2E5CE00E1D390 /* kemarmic_test.cpp in Sources */ = {isa = PBXBuildFile; fileRef = 572868F217E2E5CE00E1D390 /* kemarmic_test.cpp */; };
		572868FE17E2E5CE00E1D390 /* microphone_test.cpp in Sources */ = {isa = PBXBuildFile; fileRef = 572868F317E2E5CE00E1D390 /* microphone_test.cpp */; };
		572868FF17E2E5CE00E1D390 /* microphonearray_test.cpp in Sources */ = {isa = PBXBuildFile; fileRef = 572868F417E2E5CE00E1D390 /* microphonearray_test.cpp */; };
		5728690017E2E5CE00E1D390 /* point_test.cpp in Sources */ = {isa = PBXBuildFile; fileRef = 572868F517E2E5CE00E1D390 /* point_test.cpp */; };
		5728690117E2E5CE00E1D390 /* propagationline_test.cpp in Sources */ = {isa = PBXBuildFile; fileRef = 572868F617E2E5CE00E1D390 /* propagationline_test.cpp */; };
		5728690217E2E5CE00E1D390 /* psrmic_test.cpp in Sources */ = {isa = PBXBuildFile; fileRef = 572868F717E2E5CE00E1D390 /* psrmic_test.cpp */; };
		5728690317E2E5CE00E1D390 /* sphericalheadmic_test.cpp in Sources */ = {isa = PBXBuildFile; fileRef = 572868F817E2E5CE00E1D390 /* sphericalheadmic_test.cpp */; };
		5728690417E2E5CE00E1D390 /* stream_test.cpp in Sources */ = {isa = PBXBuildFile; fileRef = 572868F917E2E5CE00E1D390 /* stream_test.cpp */; };
		572A878319C0712500F62F8F /* ambisonics.cpp in Sources */ = {isa = PBXBuildFile; fileRef = 57F7B3C015D3DF0500D4E64A /* ambisonics.cpp */; };
		572A878419C0712500F62F8F /* freefieldsimulation.cpp in Sources */ = {isa = PBXBuildFile; fileRef = 578E967215D128820094FBBE /* freefieldsimulation.cpp */; };
		572A878519C0712500F62F8F /* sphericalmic.cpp in Sources */ = {isa = PBXBuildFile; fileRef = 578751E715AE01590008761C /* sphericalmic.cpp */; };
		572A878619C0712500F62F8F /* microphonearray.cpp in Sources */ = {isa = PBXBuildFile; fileRef = 57A156E01593460A00AA6445 /* microphonearray.cpp */; };
		572A878719C0712500F62F8F /* kemarmic.cpp in Sources */ = {isa = PBXBuildFile; fileRef = 57A156DC1593460A00AA6445 /* kemarmic.cpp */; };
		572A878819C0712500F62F8F /* microphone.cpp in Sources */ = {isa = PBXBuildFile; fileRef = 57A156DF1593460A00AA6445 /* microphone.cpp */; };
		572A878919C0712500F62F8F /* point.cpp in Sources */ = {isa = PBXBuildFile; fileRef = 57A156E11593460A00AA6445 /* point.cpp */; };
		572A878A19C0712500F62F8F /* source.cpp in Sources */ = {isa = PBXBuildFile; fileRef = 57A156E31593460A00AA6445 /* source.cpp */; };
		572A878B19C0712500F62F8F /* psrmic.cpp in Sources */ = {isa = PBXBuildFile; fileRef = 5720520F1624896A00E32B53 /* psrmic.cpp */; };
		572A878C19C0712500F62F8F /* delayfilter.cpp in Sources */ = {isa = PBXBuildFile; fileRef = 57895F5C16304F18002C962B /* delayfilter.cpp */; };
		572A878D19C0712500F62F8F /* propagationline.cpp in Sources */ = {isa = PBXBuildFile; fileRef = 57895F5D16304F18002C962B /* propagationline.cpp */; };
		572A878E19C0712500F62F8F /* slowdelayfilter.cpp in Sources */ = {isa = PBXBuildFile; fileRef = 57895F6616304F9E002C962B /* slowdelayfilter.cpp */; };
		572A878F19C0712500F62F8F /* wavhandler.cpp in Sources */ = {isa = PBXBuildFile; fileRef = 5768D6231639CFFB00F557B8 /* wavhandler.cpp */; };
		572A879419C0712500F62F8F /* slowdelayfilter.h in Headers */ = {isa = PBXBuildFile; fileRef = 57895F6416304F82002C962B /* slowdelayfilter.h */; };
		572A879F19C0714500F62F8F /* libMCLiOS.a in Frameworks */ = {isa = PBXBuildFile; fileRef = 572A879C19C0712500F62F8F /* libMCLiOS.a */; };
		573FAAE91B1DE385003F128F /* cipicmic_test.cpp in Sources */ = {isa = PBXBuildFile; fileRef = 573FAAE81B1DE385003F128F /* cipicmic_test.cpp */; };
		57444D261B17671E00EC31F4 /* binauralmic.cpp in Sources */ = {isa = PBXBuildFile; fileRef = 57C2C7A71B1739A600B7F58C /* binauralmic.cpp */; };
		57444D2A1B1776A400EC31F4 /* cipicmic.cpp in Sources */ = {isa = PBXBuildFile; fileRef = 57444D281B1776A400EC31F4 /* cipicmic.cpp */; };
		57444D2B1B1776A400EC31F4 /* cipicmic.cpp in Sources */ = {isa = PBXBuildFile; fileRef = 57444D281B1776A400EC31F4 /* cipicmic.cpp */; };
		57444D2D1B17B08E00EC31F4 /* cipicmic.cpp in Sources */ = {isa = PBXBuildFile; fileRef = 57444D281B1776A400EC31F4 /* cipicmic.cpp */; };
		5759540F174123EE0015B9A0 /* ambisonics.cpp in Sources */ = {isa = PBXBuildFile; fileRef = 57F7B3C015D3DF0500D4E64A /* ambisonics.cpp */; };
		57595410174123EE0015B9A0 /* freefieldsimulation.cpp in Sources */ = {isa = PBXBuildFile; fileRef = 578E967215D128820094FBBE /* freefieldsimulation.cpp */; };
		5768D6241639CFFB00F557B8 /* wavhandler.cpp in Sources */ = {isa = PBXBuildFile; fileRef = 5768D6231639CFFB00F557B8 /* wavhandler.cpp */; };
		5768D6251639CFFB00F557B8 /* wavhandler.cpp in Sources */ = {isa = PBXBuildFile; fileRef = 5768D6231639CFFB00F557B8 /* wavhandler.cpp */; };
		57895F5F16304F18002C962B /* delayfilter.cpp in Sources */ = {isa = PBXBuildFile; fileRef = 57895F5C16304F18002C962B /* delayfilter.cpp */; };
		57895F6216304F18002C962B /* propagationline.cpp in Sources */ = {isa = PBXBuildFile; fileRef = 57895F5D16304F18002C962B /* propagationline.cpp */; };
		57895F6516304F82002C962B /* slowdelayfilter.h in Headers */ = {isa = PBXBuildFile; fileRef = 57895F6416304F82002C962B /* slowdelayfilter.h */; };
		57895F6816304F9E002C962B /* slowdelayfilter.cpp in Sources */ = {isa = PBXBuildFile; fileRef = 57895F6616304F9E002C962B /* slowdelayfilter.cpp */; };
		57895F7A16305460002C962B /* delayfilter.cpp in Sources */ = {isa = PBXBuildFile; fileRef = 57895F5C16304F18002C962B /* delayfilter.cpp */; };
		57895F7B16305460002C962B /* slowdelayfilter.cpp in Sources */ = {isa = PBXBuildFile; fileRef = 57895F6616304F9E002C962B /* slowdelayfilter.cpp */; };
		57895F7C16305460002C962B /* propagationline.cpp in Sources */ = {isa = PBXBuildFile; fileRef = 57895F5D16304F18002C962B /* propagationline.cpp */; };
		57A1574A15934AFF00AA6445 /* kemarmic.cpp in Sources */ = {isa = PBXBuildFile; fileRef = 57A156DC1593460A00AA6445 /* kemarmic.cpp */; };
		57A1574D15934AFF00AA6445 /* microphone.cpp in Sources */ = {isa = PBXBuildFile; fileRef = 57A156DF1593460A00AA6445 /* microphone.cpp */; };
		57A1574F15934AFF00AA6445 /* point.cpp in Sources */ = {isa = PBXBuildFile; fileRef = 57A156E11593460A00AA6445 /* point.cpp */; };
		57A1575115934AFF00AA6445 /* source.cpp in Sources */ = {isa = PBXBuildFile; fileRef = 57A156E31593460A00AA6445 /* source.cpp */; };
		57A79245163E9C360063863D /* freefieldsimulation.cpp in Sources */ = {isa = PBXBuildFile; fileRef = 578E967215D128820094FBBE /* freefieldsimulation.cpp */; };
		57B7B63B1B204101000C9D54 /* libsndfile.a in Frameworks */ = {isa = PBXBuildFile; fileRef = 57B7B63A1B204101000C9D54 /* libsndfile.a */; };
		57B7B63C1B204101000C9D54 /* libsndfile.a in Frameworks */ = {isa = PBXBuildFile; fileRef = 57B7B63A1B204101000C9D54 /* libsndfile.a */; };
		57BA8AE318225E8000FCA25A /* libsndfile.a in Frameworks */ = {isa = PBXBuildFile; fileRef = 57CFD4EC1636E94100EB98A6 /* libsndfile.a */; };
		57C2C7A91B1739A600B7F58C /* binauralmic.cpp in Sources */ = {isa = PBXBuildFile; fileRef = 57C2C7A71B1739A600B7F58C /* binauralmic.cpp */; };
		57C2C7AA1B1739A600B7F58C /* binauralmic.cpp in Sources */ = {isa = PBXBuildFile; fileRef = 57C2C7A71B1739A600B7F58C /* binauralmic.cpp */; };
		57D7EB601625CE5A00771188 /* sphericalmic.cpp in Sources */ = {isa = PBXBuildFile; fileRef = 578751E715AE01590008761C /* sphericalmic.cpp */; };
		57D7EB611625CE5A00771188 /* microphonearray.cpp in Sources */ = {isa = PBXBuildFile; fileRef = 57A156E01593460A00AA6445 /* microphonearray.cpp */; };
		57E74B4E16274A2900C8BDDB /* psrmic.cpp in Sources */ = {isa = PBXBuildFile; fileRef = 5720520F1624896A00E32B53 /* psrmic.cpp */; };
		57E74B4F16274A2900C8BDDB /* kemarmic.cpp in Sources */ = {isa = PBXBuildFile; fileRef = 57A156DC1593460A00AA6445 /* kemarmic.cpp */; };
		57E74B5016274A2900C8BDDB /* sphericalmic.cpp in Sources */ = {isa = PBXBuildFile; fileRef = 578751E715AE01590008761C /* sphericalmic.cpp */; };
		57E74B5216274A2900C8BDDB /* microphone.cpp in Sources */ = {isa = PBXBuildFile; fileRef = 57A156DF1593460A00AA6445 /* microphone.cpp */; };
		57E74B5316274A2900C8BDDB /* microphonearray.cpp in Sources */ = {isa = PBXBuildFile; fileRef = 57A156E01593460A00AA6445 /* microphonearray.cpp */; };
		57E74B5416274A2900C8BDDB /* point.cpp in Sources */ = {isa = PBXBuildFile; fileRef = 57A156E11593460A00AA6445 /* point.cpp */; };
		57E74B5516274A2900C8BDDB /* source.cpp in Sources */ = {isa = PBXBuildFile; fileRef = 57A156E31593460A00AA6445 /* source.cpp */; };
		57E74B5E16274A3800C8BDDB /* sal_tests.cpp in Sources */ = {isa = PBXBuildFile; fileRef = 57A156E61593462F00AA6445 /* sal_tests.cpp */; };
		57EB0A06162C2C0A001CB5E3 /* ambisonics.cpp in Sources */ = {isa = PBXBuildFile; fileRef = 57F7B3C015D3DF0500D4E64A /* ambisonics.cpp */; };
		57FE7B4617B41B7E000F7343 /* libMCL.a in Frameworks */ = {isa = PBXBuildFile; fileRef = 57FE7B4317B41B6B000F7343 /* libMCL.a */; };
		57FE7B4917B41B85000F7343 /* libMCL.a in Frameworks */ = {isa = PBXBuildFile; fileRef = 57FE7B4317B41B6B000F7343 /* libMCL.a */; };
/* End PBXBuildFile section */

/* Begin PBXContainerItemProxy section */
		572A879B19C0712500F62F8F /* PBXContainerItemProxy */ = {
			isa = PBXContainerItemProxy;
			containerPortal = 57FE7B3B17B41B6B000F7343 /* MCL.xcodeproj */;
			proxyType = 2;
			remoteGlobalIDString = 572A877E19C070ED00F62F8F;
			remoteInfo = MCLiOS;
		};
		572A879D19C0713F00F62F8F /* PBXContainerItemProxy */ = {
			isa = PBXContainerItemProxy;
			containerPortal = 57FE7B3B17B41B6B000F7343 /* MCL.xcodeproj */;
			proxyType = 1;
			remoteGlobalIDString = 572A876719C070ED00F62F8F;
			remoteInfo = MCLiOS;
		};
		57FE7B4017B41B6B000F7343 /* PBXContainerItemProxy */ = {
			isa = PBXContainerItemProxy;
			containerPortal = 57FE7B3B17B41B6B000F7343 /* MCL.xcodeproj */;
			proxyType = 2;
			remoteGlobalIDString = 57A158AA1593501200AA6445;
			remoteInfo = MCL_test;
		};
		57FE7B4217B41B6B000F7343 /* PBXContainerItemProxy */ = {
			isa = PBXContainerItemProxy;
			containerPortal = 57FE7B3B17B41B6B000F7343 /* MCL.xcodeproj */;
			proxyType = 2;
			remoteGlobalIDString = 57A158AC1593501200AA6445;
			remoteInfo = MCL;
		};
		57FE7B4417B41B79000F7343 /* PBXContainerItemProxy */ = {
			isa = PBXContainerItemProxy;
			containerPortal = 57FE7B3B17B41B6B000F7343 /* MCL.xcodeproj */;
			proxyType = 1;
			remoteGlobalIDString = 57A157151593475000AA6445;
			remoteInfo = MCL;
		};
		57FE7B4717B41B82000F7343 /* PBXContainerItemProxy */ = {
			isa = PBXContainerItemProxy;
			containerPortal = 57FE7B3B17B41B6B000F7343 /* MCL.xcodeproj */;
			proxyType = 1;
			remoteGlobalIDString = 57A157151593475000AA6445;
			remoteInfo = MCL;
		};
/* End PBXContainerItemProxy section */

/* Begin PBXCopyFilesBuildPhase section */
		57A156C31593457600AA6445 /* CopyFiles */ = {
			isa = PBXCopyFilesBuildPhase;
			buildActionMask = 2147483647;
			dstPath = /usr/share/man/man1/;
			dstSubfolderSpec = 0;
			files = (
			);
			runOnlyForDeploymentPostprocessing = 1;
		};
/* End PBXCopyFilesBuildPhase section */

/* Begin PBXFileReference section */
		57061AD815B6D6CE000CD42D /* array.h */ = {isa = PBXFileReference; lastKnownFileType = sourcecode.c.h; name = array.h; path = include/array.h; sourceTree = "<group>"; };
		5713F76E15F38C4800AF1DE2 /* salconstants.h */ = {isa = PBXFileReference; lastKnownFileType = sourcecode.c.h; name = salconstants.h; path = include/salconstants.h; sourceTree = "<group>"; };
		5719A9AD15B57CCC000AD692 /* saltypes.h */ = {isa = PBXFileReference; lastKnownFileType = sourcecode.c.h; name = saltypes.h; path = include/saltypes.h; sourceTree = "<group>"; };
		5720520E162488CF00E32B53 /* psrmic.h */ = {isa = PBXFileReference; lastKnownFileType = sourcecode.c.h; name = psrmic.h; path = include/psrmic.h; sourceTree = "<group>"; };
		5720520F1624896A00E32B53 /* psrmic.cpp */ = {isa = PBXFileReference; fileEncoding = 4; lastKnownFileType = sourcecode.cpp.cpp; name = psrmic.cpp; path = src/psrmic.cpp; sourceTree = "<group>"; };
		572868EF17E2E5CE00E1D390 /* ambisonics_test.cpp */ = {isa = PBXFileReference; fileEncoding = 4; lastKnownFileType = sourcecode.cpp.cpp; name = ambisonics_test.cpp; path = test/ambisonics_test.cpp; sourceTree = "<group>"; };
		572868F017E2E5CE00E1D390 /* delayfilter_test.cpp */ = {isa = PBXFileReference; fileEncoding = 4; lastKnownFileType = sourcecode.cpp.cpp; name = delayfilter_test.cpp; path = test/delayfilter_test.cpp; sourceTree = "<group>"; };
		572868F117E2E5CE00E1D390 /* freefieldsimulation_test.cpp */ = {isa = PBXFileReference; fileEncoding = 4; lastKnownFileType = sourcecode.cpp.cpp; name = freefieldsimulation_test.cpp; path = test/freefieldsimulation_test.cpp; sourceTree = "<group>"; };
		572868F217E2E5CE00E1D390 /* kemarmic_test.cpp */ = {isa = PBXFileReference; fileEncoding = 4; lastKnownFileType = sourcecode.cpp.cpp; name = kemarmic_test.cpp; path = test/kemarmic_test.cpp; sourceTree = "<group>"; };
		572868F317E2E5CE00E1D390 /* microphone_test.cpp */ = {isa = PBXFileReference; fileEncoding = 4; lastKnownFileType = sourcecode.cpp.cpp; name = microphone_test.cpp; path = test/microphone_test.cpp; sourceTree = "<group>"; };
		572868F417E2E5CE00E1D390 /* microphonearray_test.cpp */ = {isa = PBXFileReference; fileEncoding = 4; lastKnownFileType = sourcecode.cpp.cpp; name = microphonearray_test.cpp; path = test/microphonearray_test.cpp; sourceTree = "<group>"; };
		572868F517E2E5CE00E1D390 /* point_test.cpp */ = {isa = PBXFileReference; fileEncoding = 4; lastKnownFileType = sourcecode.cpp.cpp; name = point_test.cpp; path = test/point_test.cpp; sourceTree = "<group>"; };
		572868F617E2E5CE00E1D390 /* propagationline_test.cpp */ = {isa = PBXFileReference; fileEncoding = 4; lastKnownFileType = sourcecode.cpp.cpp; name = propagationline_test.cpp; path = test/propagationline_test.cpp; sourceTree = "<group>"; };
		572868F717E2E5CE00E1D390 /* psrmic_test.cpp */ = {isa = PBXFileReference; fileEncoding = 4; lastKnownFileType = sourcecode.cpp.cpp; name = psrmic_test.cpp; path = test/psrmic_test.cpp; sourceTree = "<group>"; };
		572868F817E2E5CE00E1D390 /* sphericalheadmic_test.cpp */ = {isa = PBXFileReference; fileEncoding = 4; lastKnownFileType = sourcecode.cpp.cpp; name = sphericalheadmic_test.cpp; path = test/sphericalheadmic_test.cpp; sourceTree = "<group>"; };
		572868F917E2E5CE00E1D390 /* stream_test.cpp */ = {isa = PBXFileReference; fileEncoding = 4; lastKnownFileType = sourcecode.cpp.cpp; name = stream_test.cpp; path = test/stream_test.cpp; sourceTree = "<group>"; };
		572A879819C0712500F62F8F /* libSALiOS.a */ = {isa = PBXFileReference; explicitFileType = archive.ar; includeInIndex = 0; path = libSALiOS.a; sourceTree = BUILT_PRODUCTS_DIR; };
		573FAAE81B1DE385003F128F /* cipicmic_test.cpp */ = {isa = PBXFileReference; fileEncoding = 4; lastKnownFileType = sourcecode.cpp.cpp; name = cipicmic_test.cpp; path = test/cipicmic_test.cpp; sourceTree = "<group>"; };
		57444D281B1776A400EC31F4 /* cipicmic.cpp */ = {isa = PBXFileReference; fileEncoding = 4; lastKnownFileType = sourcecode.cpp.cpp; name = cipicmic.cpp; path = src/cipicmic.cpp; sourceTree = "<group>"; };
		57444D2C1B1776FB00EC31F4 /* cipicmic.h */ = {isa = PBXFileReference; lastKnownFileType = sourcecode.c.h; name = cipicmic.h; path = include/cipicmic.h; sourceTree = "<group>"; };
		574D27FB161B3ECF00F4A0B1 /* decoder.h */ = {isa = PBXFileReference; lastKnownFileType = sourcecode.c.h; name = decoder.h; path = include/decoder.h; sourceTree = "<group>"; };
		574D27FC161B3F5900F4A0B1 /* stream.h */ = {isa = PBXFileReference; lastKnownFileType = sourcecode.c.h; name = stream.h; path = include/stream.h; sourceTree = "<group>"; };
		5768D6231639CFFB00F557B8 /* wavhandler.cpp */ = {isa = PBXFileReference; fileEncoding = 4; lastKnownFileType = sourcecode.cpp.cpp; name = wavhandler.cpp; path = src/wavhandler.cpp; sourceTree = "<group>"; };
		578751E715AE01590008761C /* sphericalmic.cpp */ = {isa = PBXFileReference; fileEncoding = 4; lastKnownFileType = sourcecode.cpp.cpp; name = sphericalmic.cpp; path = src/sphericalmic.cpp; sourceTree = "<group>"; };
		57895F5A16304F00002C962B /* delayfilter.h */ = {isa = PBXFileReference; lastKnownFileType = sourcecode.c.h; name = delayfilter.h; path = include/delayfilter.h; sourceTree = "<group>"; };
		57895F5B16304F00002C962B /* propagationline.h */ = {isa = PBXFileReference; lastKnownFileType = sourcecode.c.h; name = propagationline.h; path = include/propagationline.h; sourceTree = "<group>"; };
		57895F5C16304F18002C962B /* delayfilter.cpp */ = {isa = PBXFileReference; fileEncoding = 4; lastKnownFileType = sourcecode.cpp.cpp; name = delayfilter.cpp; path = src/delayfilter.cpp; sourceTree = "<group>"; };
		57895F5D16304F18002C962B /* propagationline.cpp */ = {isa = PBXFileReference; fileEncoding = 4; lastKnownFileType = sourcecode.cpp.cpp; name = propagationline.cpp; path = src/propagationline.cpp; sourceTree = "<group>"; };
		57895F6416304F82002C962B /* slowdelayfilter.h */ = {isa = PBXFileReference; fileEncoding = 4; lastKnownFileType = sourcecode.c.h; name = slowdelayfilter.h; path = include/slowdelayfilter.h; sourceTree = "<group>"; };
		57895F6616304F9E002C962B /* slowdelayfilter.cpp */ = {isa = PBXFileReference; fileEncoding = 4; lastKnownFileType = sourcecode.cpp.cpp; name = slowdelayfilter.cpp; path = src/slowdelayfilter.cpp; sourceTree = "<group>"; };
		578ABDFF15AC9E3100966F2E /* kemarmic.h */ = {isa = PBXFileReference; lastKnownFileType = sourcecode.c.h; name = kemarmic.h; path = include/kemarmic.h; sourceTree = "<group>"; };
		578ABE0115ACA8BB00966F2E /* sphericalheadmic.h */ = {isa = PBXFileReference; lastKnownFileType = sourcecode.c.h; name = sphericalheadmic.h; path = include/sphericalheadmic.h; sourceTree = "<group>"; };
		578E967015D1279D0094FBBE /* freefieldsimulation.h */ = {isa = PBXFileReference; lastKnownFileType = sourcecode.c.h; name = freefieldsimulation.h; path = include/freefieldsimulation.h; sourceTree = "<group>"; };
		578E967215D128820094FBBE /* freefieldsimulation.cpp */ = {isa = PBXFileReference; fileEncoding = 4; lastKnownFileType = sourcecode.cpp.cpp; name = freefieldsimulation.cpp; path = src/freefieldsimulation.cpp; sourceTree = "<group>"; };
		57A156C51593457600AA6445 /* SAL_test */ = {isa = PBXFileReference; explicitFileType = "compiled.mach-o.executable"; includeInIndex = 0; path = SAL_test; sourceTree = BUILT_PRODUCTS_DIR; };
		57A156DC1593460A00AA6445 /* kemarmic.cpp */ = {isa = PBXFileReference; lastKnownFileType = sourcecode.cpp.cpp; name = kemarmic.cpp; path = src/kemarmic.cpp; sourceTree = "<group>"; };
		57A156DF1593460A00AA6445 /* microphone.cpp */ = {isa = PBXFileReference; lastKnownFileType = sourcecode.cpp.cpp; name = microphone.cpp; path = src/microphone.cpp; sourceTree = "<group>"; };
		57A156E01593460A00AA6445 /* microphonearray.cpp */ = {isa = PBXFileReference; lastKnownFileType = sourcecode.cpp.cpp; name = microphonearray.cpp; path = src/microphonearray.cpp; sourceTree = "<group>"; };
		57A156E11593460A00AA6445 /* point.cpp */ = {isa = PBXFileReference; lastKnownFileType = sourcecode.cpp.cpp; name = point.cpp; path = src/point.cpp; sourceTree = "<group>"; };
		57A156E31593460A00AA6445 /* source.cpp */ = {isa = PBXFileReference; lastKnownFileType = sourcecode.cpp.cpp; name = source.cpp; path = src/source.cpp; sourceTree = "<group>"; };
		57A156E61593462F00AA6445 /* sal_tests.cpp */ = {isa = PBXFileReference; lastKnownFileType = sourcecode.cpp.cpp; name = sal_tests.cpp; path = src/targets/sal_tests.cpp; sourceTree = "<group>"; };
		57A156ED1593464300AA6445 /* monomics.h */ = {isa = PBXFileReference; lastKnownFileType = sourcecode.c.h; name = monomics.h; path = include/monomics.h; sourceTree = "<group>"; };
		57A156F01593464300AA6445 /* microphone.h */ = {isa = PBXFileReference; lastKnownFileType = sourcecode.c.h; name = microphone.h; path = include/microphone.h; sourceTree = "<group>"; };
		57A156F11593464300AA6445 /* microphonearray.h */ = {isa = PBXFileReference; lastKnownFileType = sourcecode.c.h; name = microphonearray.h; path = include/microphonearray.h; sourceTree = "<group>"; };
		57A156F31593464300AA6445 /* point.h */ = {isa = PBXFileReference; lastKnownFileType = sourcecode.c.h; name = point.h; path = include/point.h; sourceTree = "<group>"; };
		57A156F51593464300AA6445 /* source.h */ = {isa = PBXFileReference; lastKnownFileType = sourcecode.c.h; name = source.h; path = include/source.h; sourceTree = "<group>"; };
		57A156F61593464300AA6445 /* wavhandler.h */ = {isa = PBXFileReference; lastKnownFileType = sourcecode.c.h; name = wavhandler.h; path = include/wavhandler.h; sourceTree = "<group>"; };
		57A156F81593464B00AA6445 /* sndfile.h */ = {isa = PBXFileReference; lastKnownFileType = sourcecode.c.h; name = sndfile.h; path = include/lib/sndfile.h; sourceTree = "<group>"; };
		57A156F91593464B00AA6445 /* sndfile.hh */ = {isa = PBXFileReference; lastKnownFileType = sourcecode.cpp.h; name = sndfile.hh; path = include/lib/sndfile.hh; sourceTree = "<group>"; };
		57A1574515934AEC00AA6445 /* libSAL.a */ = {isa = PBXFileReference; explicitFileType = archive.ar; includeInIndex = 0; path = libSAL.a; sourceTree = BUILT_PRODUCTS_DIR; };
		57B7B63A1B204101000C9D54 /* libsndfile.a */ = {isa = PBXFileReference; lastKnownFileType = archive.ar; name = libsndfile.a; path = lib/libsndfile.a; sourceTree = "<group>"; };
		57C2C7A51B17399000B7F58C /* binauralmic.h */ = {isa = PBXFileReference; lastKnownFileType = sourcecode.c.h; name = binauralmic.h; path = include/binauralmic.h; sourceTree = "<group>"; };
		57C2C7A71B1739A600B7F58C /* binauralmic.cpp */ = {isa = PBXFileReference; fileEncoding = 4; lastKnownFileType = sourcecode.cpp.cpp; name = binauralmic.cpp; path = src/binauralmic.cpp; sourceTree = "<group>"; };
		57CFD4EC1636E94100EB98A6 /* libsndfile.a */ = {isa = PBXFileReference; lastKnownFileType = archive.ar; name = libsndfile.a; path = lib/libsndfile.a; sourceTree = "<group>"; };
		57F7B3BF15D3DE7000D4E64A /* ambisonics.h */ = {isa = PBXFileReference; lastKnownFileType = sourcecode.c.h; name = ambisonics.h; path = include/ambisonics.h; sourceTree = "<group>"; };
		57F7B3C015D3DF0500D4E64A /* ambisonics.cpp */ = {isa = PBXFileReference; fileEncoding = 4; lastKnownFileType = sourcecode.cpp.cpp; name = ambisonics.cpp; path = src/ambisonics.cpp; sourceTree = "<group>"; };
		57FE7B3B17B41B6B000F7343 /* MCL.xcodeproj */ = {isa = PBXFileReference; lastKnownFileType = "wrapper.pb-project"; name = MCL.xcodeproj; path = ../mcl/MCL.xcodeproj; sourceTree = "<group>"; };
/* End PBXFileReference section */

/* Begin PBXFrameworksBuildPhase section */
		572A879019C0712500F62F8F /* Frameworks */ = {
			isa = PBXFrameworksBuildPhase;
			buildActionMask = 2147483647;
			files = (
				572A879F19C0714500F62F8F /* libMCLiOS.a in Frameworks */,
				57B7B63C1B204101000C9D54 /* libsndfile.a in Frameworks */,
			);
			runOnlyForDeploymentPostprocessing = 0;
		};
		57A156C21593457600AA6445 /* Frameworks */ = {
			isa = PBXFrameworksBuildPhase;
			buildActionMask = 2147483647;
			files = (
				57B7B63B1B204101000C9D54 /* libsndfile.a in Frameworks */,
				57FE7B4617B41B7E000F7343 /* libMCL.a in Frameworks */,
			);
			runOnlyForDeploymentPostprocessing = 0;
		};
		57A1574215934AEC00AA6445 /* Frameworks */ = {
			isa = PBXFrameworksBuildPhase;
			buildActionMask = 2147483647;
			files = (
				57FE7B4917B41B85000F7343 /* libMCL.a in Frameworks */,
				57BA8AE318225E8000FCA25A /* libsndfile.a in Frameworks */,
			);
			runOnlyForDeploymentPostprocessing = 0;
		};
/* End PBXFrameworksBuildPhase section */

/* Begin PBXGroup section */
		57A156BA1593457600AA6445 = {
			isa = PBXGroup;
			children = (
				57B7B63A1B204101000C9D54 /* libsndfile.a */,
				57A156D8159345E700AA6445 /* include */,
				57A156D7159345A000AA6445 /* src */,
				57A156C61593457600AA6445 /* targets */,
				57A156E51593462300AA6445 /* test */,
				57A156FA1593465600AA6445 /* lib */,
			);
			sourceTree = "<group>";
		};
		57A156C61593457600AA6445 /* targets */ = {
			isa = PBXGroup;
			children = (
				57A156C51593457600AA6445 /* SAL_test */,
				57A1574515934AEC00AA6445 /* libSAL.a */,
				572A879819C0712500F62F8F /* libSALiOS.a */,
			);
			name = targets;
			sourceTree = "<group>";
		};
		57A156D7159345A000AA6445 /* src */ = {
			isa = PBXGroup;
			children = (
				57A156E41593460E00AA6445 /* targets */,
				57F7B3C015D3DF0500D4E64A /* ambisonics.cpp */,
				57C2C7A71B1739A600B7F58C /* binauralmic.cpp */,
				57444D281B1776A400EC31F4 /* cipicmic.cpp */,
				57895F5C16304F18002C962B /* delayfilter.cpp */,
				57895F6616304F9E002C962B /* slowdelayfilter.cpp */,
				57895F5D16304F18002C962B /* propagationline.cpp */,
				5720520F1624896A00E32B53 /* psrmic.cpp */,
				57A156DC1593460A00AA6445 /* kemarmic.cpp */,
				578751E715AE01590008761C /* sphericalmic.cpp */,
				57A156DF1593460A00AA6445 /* microphone.cpp */,
				57A156E01593460A00AA6445 /* microphonearray.cpp */,
				57A156E11593460A00AA6445 /* point.cpp */,
				578E967215D128820094FBBE /* freefieldsimulation.cpp */,
				57A156E31593460A00AA6445 /* source.cpp */,
				5768D6231639CFFB00F557B8 /* wavhandler.cpp */,
				57A156DA159345F200AA6445 /* lib */,
			);
			name = src;
			sourceTree = "<group>";
		};
		57A156D8159345E700AA6445 /* include */ = {
			isa = PBXGroup;
			children = (
				57C2C7A51B17399000B7F58C /* binauralmic.h */,
				57444D2C1B1776FB00EC31F4 /* cipicmic.h */,
				57895F6416304F82002C962B /* slowdelayfilter.h */,
				57895F5A16304F00002C962B /* delayfilter.h */,
				57895F5B16304F00002C962B /* propagationline.h */,
				57F7B3BF15D3DE7000D4E64A /* ambisonics.h */,
				574D27FB161B3ECF00F4A0B1 /* decoder.h */,
				57061AD815B6D6CE000CD42D /* array.h */,
				5713F76E15F38C4800AF1DE2 /* salconstants.h */,
				578ABDFF15AC9E3100966F2E /* kemarmic.h */,
				578ABE0115ACA8BB00966F2E /* sphericalheadmic.h */,
				57A156F01593464300AA6445 /* microphone.h */,
				5720520E162488CF00E32B53 /* psrmic.h */,
				57A156ED1593464300AA6445 /* monomics.h */,
				57A156F11593464300AA6445 /* microphonearray.h */,
				57A156F31593464300AA6445 /* point.h */,
				5719A9AD15B57CCC000AD692 /* saltypes.h */,
				574D27FC161B3F5900F4A0B1 /* stream.h */,
				578E967015D1279D0094FBBE /* freefieldsimulation.h */,
				57A156F51593464300AA6445 /* source.h */,
				57A156F61593464300AA6445 /* wavhandler.h */,
				57A156D9159345ED00AA6445 /* lib */,
			);
			name = include;
			sourceTree = "<group>";
		};
		57A156D9159345ED00AA6445 /* lib */ = {
			isa = PBXGroup;
			children = (
				57A156F81593464B00AA6445 /* sndfile.h */,
				57A156F91593464B00AA6445 /* sndfile.hh */,
			);
			name = lib;
			sourceTree = "<group>";
		};
		57A156DA159345F200AA6445 /* lib */ = {
			isa = PBXGroup;
			children = (
			);
			name = lib;
			sourceTree = "<group>";
		};
		57A156E41593460E00AA6445 /* targets */ = {
			isa = PBXGroup;
			children = (
				57A156E61593462F00AA6445 /* sal_tests.cpp */,
			);
			name = targets;
			sourceTree = "<group>";
		};
		57A156E51593462300AA6445 /* test */ = {
			isa = PBXGroup;
			children = (
				572868EF17E2E5CE00E1D390 /* ambisonics_test.cpp */,
				573FAAE81B1DE385003F128F /* cipicmic_test.cpp */,
				572868F017E2E5CE00E1D390 /* delayfilter_test.cpp */,
				572868F117E2E5CE00E1D390 /* freefieldsimulation_test.cpp */,
				572868F217E2E5CE00E1D390 /* kemarmic_test.cpp */,
				572868F317E2E5CE00E1D390 /* microphone_test.cpp */,
				572868F417E2E5CE00E1D390 /* microphonearray_test.cpp */,
				572868F517E2E5CE00E1D390 /* point_test.cpp */,
				572868F617E2E5CE00E1D390 /* propagationline_test.cpp */,
				572868F717E2E5CE00E1D390 /* psrmic_test.cpp */,
				572868F817E2E5CE00E1D390 /* sphericalheadmic_test.cpp */,
				572868F917E2E5CE00E1D390 /* stream_test.cpp */,
			);
			name = test;
			sourceTree = "<group>";
		};
		57A156FA1593465600AA6445 /* lib */ = {
			isa = PBXGroup;
			children = (
				57FE7B3B17B41B6B000F7343 /* MCL.xcodeproj */,
				57CFD4EC1636E94100EB98A6 /* libsndfile.a */,
			);
			name = lib;
			sourceTree = "<group>";
		};
		57FE7B3C17B41B6B000F7343 /* Products */ = {
			isa = PBXGroup;
			children = (
				57FE7B4117B41B6B000F7343 /* MCL_test */,
				57FE7B4317B41B6B000F7343 /* libMCL.a */,
				572A879C19C0712500F62F8F /* libMCLiOS.a */,
			);
			name = Products;
			sourceTree = "<group>";
		};
/* End PBXGroup section */

/* Begin PBXHeadersBuildPhase section */
		572A879319C0712500F62F8F /* Headers */ = {
			isa = PBXHeadersBuildPhase;
			buildActionMask = 2147483647;
			files = (
				572A879419C0712500F62F8F /* slowdelayfilter.h in Headers */,
			);
			runOnlyForDeploymentPostprocessing = 0;
		};
		57A1574315934AEC00AA6445 /* Headers */ = {
			isa = PBXHeadersBuildPhase;
			buildActionMask = 2147483647;
			files = (
				57895F6516304F82002C962B /* slowdelayfilter.h in Headers */,
			);
			runOnlyForDeploymentPostprocessing = 0;
		};
/* End PBXHeadersBuildPhase section */

/* Begin PBXNativeTarget section */
		572A877F19C0712500F62F8F /* SALiOS */ = {
			isa = PBXNativeTarget;
			buildConfigurationList = 572A879519C0712500F62F8F /* Build configuration list for PBXNativeTarget "SALiOS" */;
			buildPhases = (
				572A878219C0712500F62F8F /* Sources */,
				572A879019C0712500F62F8F /* Frameworks */,
				572A879319C0712500F62F8F /* Headers */,
			);
			buildRules = (
			);
			dependencies = (
				572A879E19C0713F00F62F8F /* PBXTargetDependency */,
			);
			name = SALiOS;
			productName = SAT;
			productReference = 572A879819C0712500F62F8F /* libSALiOS.a */;
			productType = "com.apple.product-type.library.static";
		};
		57A156C41593457600AA6445 /* SAL_test */ = {
			isa = PBXNativeTarget;
			buildConfigurationList = 57A156CF1593457600AA6445 /* Build configuration list for PBXNativeTarget "SAL_test" */;
			buildPhases = (
				57A156C11593457600AA6445 /* Sources */,
				57A156C21593457600AA6445 /* Frameworks */,
				57A156C31593457600AA6445 /* CopyFiles */,
			);
			buildRules = (
			);
			dependencies = (
				57FE7B4517B41B79000F7343 /* PBXTargetDependency */,
			);
			name = SAL_test;
			productName = SAT;
			productReference = 57A156C51593457600AA6445 /* SAL_test */;
			productType = "com.apple.product-type.tool";
		};
		57A1574415934AEC00AA6445 /* SAL */ = {
			isa = PBXNativeTarget;
			buildConfigurationList = 57A1574615934AEC00AA6445 /* Build configuration list for PBXNativeTarget "SAL" */;
			buildPhases = (
				57A1574115934AEC00AA6445 /* Sources */,
				57A1574215934AEC00AA6445 /* Frameworks */,
				57A1574315934AEC00AA6445 /* Headers */,
			);
			buildRules = (
			);
			dependencies = (
				57FE7B4817B41B82000F7343 /* PBXTargetDependency */,
			);
			name = SAL;
			productName = SAT;
			productReference = 57A1574515934AEC00AA6445 /* libSAL.a */;
			productType = "com.apple.product-type.library.static";
		};
/* End PBXNativeTarget section */

/* Begin PBXProject section */
		57A156BC1593457600AA6445 /* Project object */ = {
			isa = PBXProject;
			attributes = {
				LastUpgradeCheck = 0630;
			};
			buildConfigurationList = 57A156BF1593457600AA6445 /* Build configuration list for PBXProject "SAL" */;
			compatibilityVersion = "Xcode 3.2";
			developmentRegion = English;
			hasScannedForEncodings = 0;
			knownRegions = (
				en,
			);
			mainGroup = 57A156BA1593457600AA6445;
			productRefGroup = 57A156C61593457600AA6445 /* targets */;
			projectDirPath = "";
			projectReferences = (
				{
					ProductGroup = 57FE7B3C17B41B6B000F7343 /* Products */;
					ProjectRef = 57FE7B3B17B41B6B000F7343 /* MCL.xcodeproj */;
				},
			);
			projectRoot = "";
			targets = (
				57A156C41593457600AA6445 /* SAL_test */,
				57A1574415934AEC00AA6445 /* SAL */,
				572A877F19C0712500F62F8F /* SALiOS */,
			);
		};
/* End PBXProject section */

/* Begin PBXReferenceProxy section */
		572A879C19C0712500F62F8F /* libMCLiOS.a */ = {
			isa = PBXReferenceProxy;
			fileType = archive.ar;
			path = libMCLiOS.a;
			remoteRef = 572A879B19C0712500F62F8F /* PBXContainerItemProxy */;
			sourceTree = BUILT_PRODUCTS_DIR;
		};
		57FE7B4117B41B6B000F7343 /* MCL_test */ = {
			isa = PBXReferenceProxy;
			fileType = "compiled.mach-o.executable";
			path = MCL_test;
			remoteRef = 57FE7B4017B41B6B000F7343 /* PBXContainerItemProxy */;
			sourceTree = BUILT_PRODUCTS_DIR;
		};
		57FE7B4317B41B6B000F7343 /* libMCL.a */ = {
			isa = PBXReferenceProxy;
			fileType = archive.ar;
			path = libMCL.a;
			remoteRef = 57FE7B4217B41B6B000F7343 /* PBXContainerItemProxy */;
			sourceTree = BUILT_PRODUCTS_DIR;
		};
/* End PBXReferenceProxy section */

/* Begin PBXSourcesBuildPhase section */
		572A878219C0712500F62F8F /* Sources */ = {
			isa = PBXSourcesBuildPhase;
			buildActionMask = 2147483647;
			files = (
				572A878319C0712500F62F8F /* ambisonics.cpp in Sources */,
				572A878419C0712500F62F8F /* freefieldsimulation.cpp in Sources */,
				572A878519C0712500F62F8F /* sphericalmic.cpp in Sources */,
				572A878619C0712500F62F8F /* microphonearray.cpp in Sources */,
				572A878719C0712500F62F8F /* kemarmic.cpp in Sources */,
				572A878819C0712500F62F8F /* microphone.cpp in Sources */,
				572A878919C0712500F62F8F /* point.cpp in Sources */,
				572A878A19C0712500F62F8F /* source.cpp in Sources */,
				572A878B19C0712500F62F8F /* psrmic.cpp in Sources */,
				572A878C19C0712500F62F8F /* delayfilter.cpp in Sources */,
				572A878D19C0712500F62F8F /* propagationline.cpp in Sources */,
				572A878E19C0712500F62F8F /* slowdelayfilter.cpp in Sources */,
				572A878F19C0712500F62F8F /* wavhandler.cpp in Sources */,
				57C2C7AA1B1739A600B7F58C /* binauralmic.cpp in Sources */,
				57444D2B1B1776A400EC31F4 /* cipicmic.cpp in Sources */,
			);
			runOnlyForDeploymentPostprocessing = 0;
		};
		57A156C11593457600AA6445 /* Sources */ = {
			isa = PBXSourcesBuildPhase;
			buildActionMask = 2147483647;
			files = (
				57444D2D1B17B08E00EC31F4 /* cipicmic.cpp in Sources */,
				57444D261B17671E00EC31F4 /* binauralmic.cpp in Sources */,
				57A79245163E9C360063863D /* freefieldsimulation.cpp in Sources */,
				57895F7A16305460002C962B /* delayfilter.cpp in Sources */,
				57895F7B16305460002C962B /* slowdelayfilter.cpp in Sources */,
				57895F7C16305460002C962B /* propagationline.cpp in Sources */,
				57EB0A06162C2C0A001CB5E3 /* ambisonics.cpp in Sources */,
				57E74B5E16274A3800C8BDDB /* sal_tests.cpp in Sources */,
				57E74B4E16274A2900C8BDDB /* psrmic.cpp in Sources */,
				57E74B4F16274A2900C8BDDB /* kemarmic.cpp in Sources */,
				57E74B5016274A2900C8BDDB /* sphericalmic.cpp in Sources */,
				57E74B5216274A2900C8BDDB /* microphone.cpp in Sources */,
				57E74B5316274A2900C8BDDB /* microphonearray.cpp in Sources */,
				57E74B5416274A2900C8BDDB /* point.cpp in Sources */,
				57E74B5516274A2900C8BDDB /* source.cpp in Sources */,
				5768D6241639CFFB00F557B8 /* wavhandler.cpp in Sources */,
				572868FA17E2E5CE00E1D390 /* ambisonics_test.cpp in Sources */,
				572868FB17E2E5CE00E1D390 /* delayfilter_test.cpp in Sources */,
				573FAAE91B1DE385003F128F /* cipicmic_test.cpp in Sources */,
				572868FC17E2E5CE00E1D390 /* freefieldsimulation_test.cpp in Sources */,
				572868FD17E2E5CE00E1D390 /* kemarmic_test.cpp in Sources */,
				572868FE17E2E5CE00E1D390 /* microphone_test.cpp in Sources */,
				572868FF17E2E5CE00E1D390 /* microphonearray_test.cpp in Sources */,
				5728690017E2E5CE00E1D390 /* point_test.cpp in Sources */,
				5728690117E2E5CE00E1D390 /* propagationline_test.cpp in Sources */,
				5728690217E2E5CE00E1D390 /* psrmic_test.cpp in Sources */,
				5728690317E2E5CE00E1D390 /* sphericalheadmic_test.cpp in Sources */,
				5728690417E2E5CE00E1D390 /* stream_test.cpp in Sources */,
			);
			runOnlyForDeploymentPostprocessing = 0;
		};
		57A1574115934AEC00AA6445 /* Sources */ = {
			isa = PBXSourcesBuildPhase;
			buildActionMask = 2147483647;
			files = (
				5759540F174123EE0015B9A0 /* ambisonics.cpp in Sources */,
				57595410174123EE0015B9A0 /* freefieldsimulation.cpp in Sources */,
				57D7EB601625CE5A00771188 /* sphericalmic.cpp in Sources */,
				57D7EB611625CE5A00771188 /* microphonearray.cpp in Sources */,
				57A1574A15934AFF00AA6445 /* kemarmic.cpp in Sources */,
				57A1574D15934AFF00AA6445 /* microphone.cpp in Sources */,
				57A1574F15934AFF00AA6445 /* point.cpp in Sources */,
				57A1575115934AFF00AA6445 /* source.cpp in Sources */,
				572052121624896A00E32B53 /* psrmic.cpp in Sources */,
				57895F5F16304F18002C962B /* delayfilter.cpp in Sources */,
				57895F6216304F18002C962B /* propagationline.cpp in Sources */,
				57895F6816304F9E002C962B /* slowdelayfilter.cpp in Sources */,
				5768D6251639CFFB00F557B8 /* wavhandler.cpp in Sources */,
				57C2C7A91B1739A600B7F58C /* binauralmic.cpp in Sources */,
				57444D2A1B1776A400EC31F4 /* cipicmic.cpp in Sources */,
			);
			runOnlyForDeploymentPostprocessing = 0;
		};
/* End PBXSourcesBuildPhase section */

/* Begin PBXTargetDependency section */
		572A879E19C0713F00F62F8F /* PBXTargetDependency */ = {
			isa = PBXTargetDependency;
			name = MCLiOS;
			targetProxy = 572A879D19C0713F00F62F8F /* PBXContainerItemProxy */;
		};
		57FE7B4517B41B79000F7343 /* PBXTargetDependency */ = {
			isa = PBXTargetDependency;
			name = MCL;
			targetProxy = 57FE7B4417B41B79000F7343 /* PBXContainerItemProxy */;
		};
		57FE7B4817B41B82000F7343 /* PBXTargetDependency */ = {
			isa = PBXTargetDependency;
			name = MCL;
			targetProxy = 57FE7B4717B41B82000F7343 /* PBXContainerItemProxy */;
		};
/* End PBXTargetDependency section */

/* Begin XCBuildConfiguration section */
		572A879619C0712500F62F8F /* Debug */ = {
			isa = XCBuildConfiguration;
			buildSettings = {
				ALWAYS_SEARCH_USER_PATHS = YES;
				CLANG_CXX_LANGUAGE_STANDARD = "c++0x";
				CLANG_CXX_LIBRARY = "libc++";
				CLANG_USE_OPTIMIZATION_PROFILE = NO;
				CLANG_X86_VECTOR_INSTRUCTIONS = default;
				COMBINE_HIDPI_IMAGES = YES;
				EXECUTABLE_PREFIX = lib;
				GCC_ENABLE_CPP_RTTI = YES;
				GCC_ENABLE_KERNEL_DEVELOPMENT = NO;
				GCC_OPTIMIZATION_LEVEL = fast;
				GCC_UNROLL_LOOPS = YES;
				GCC_VERSION = com.apple.compilers.llvm.clang.1_0;
				LIBRARY_SEARCH_PATHS = (
					"\"$(SRCROOT)/lib\"",
					"$(PROJECT_DIR)/lib",
				);
				LLVM_LTO = YES;
				LLVM_VECTORIZE_LOOPS = YES;
				MACOSX_DEPLOYMENT_TARGET = "";
				OTHER_CFLAGS = "";
				OTHER_CPLUSPLUSFLAGS = (
					"$(OTHER_CFLAGS)",
					"-DNDEBUG",
					"-IOSARM",
				);
				PRODUCT_NAME = SALiOS;
				SDKROOT = iphoneos;
				SKIP_INSTALL = YES;
				USER_HEADER_SEARCH_PATHS = "\"$(SRCROOT)/../mcl/include\"/**";
			};
			name = Debug;
		};
		572A879719C0712500F62F8F /* Release */ = {
			isa = XCBuildConfiguration;
			buildSettings = {
				ALWAYS_SEARCH_USER_PATHS = YES;
				CLANG_CXX_LANGUAGE_STANDARD = "c++0x";
				CLANG_CXX_LIBRARY = "libc++";
				CLANG_USE_OPTIMIZATION_PROFILE = NO;
				CLANG_X86_VECTOR_INSTRUCTIONS = default;
				COMBINE_HIDPI_IMAGES = YES;
				EXECUTABLE_PREFIX = lib;
				GCC_ENABLE_CPP_RTTI = YES;
				GCC_ENABLE_KERNEL_DEVELOPMENT = NO;
				GCC_OPTIMIZATION_LEVEL = fast;
				GCC_UNROLL_LOOPS = YES;
				GCC_VERSION = com.apple.compilers.llvm.clang.1_0;
				LIBRARY_SEARCH_PATHS = (
					"\"$(SRCROOT)/lib\"",
					"$(PROJECT_DIR)/lib",
				);
				LLVM_LTO = YES;
				LLVM_VECTORIZE_LOOPS = YES;
				MACOSX_DEPLOYMENT_TARGET = "";
				OTHER_CFLAGS = "";
				OTHER_CPLUSPLUSFLAGS = (
					"$(OTHER_CFLAGS)",
					"-DNDEBUG",
					"-IOSARM",
				);
				PRODUCT_NAME = SALiOS;
				SDKROOT = iphoneos;
				SKIP_INSTALL = YES;
				USER_HEADER_SEARCH_PATHS = "\"$(SRCROOT)/../mcl/include\"/**";
			};
			name = Release;
		};
		57A156CD1593457600AA6445 /* Debug */ = {
			isa = XCBuildConfiguration;
			buildSettings = {
				ALWAYS_SEARCH_USER_PATHS = NO;
				CLANG_CXX_LANGUAGE_STANDARD = "compiler-default";
				CLANG_CXX_LIBRARY = "compiler-default";
				CLANG_WARN_BOOL_CONVERSION = YES;
				CLANG_WARN_CONSTANT_CONVERSION = YES;
				CLANG_WARN_EMPTY_BODY = YES;
				CLANG_WARN_ENUM_CONVERSION = YES;
				CLANG_WARN_INT_CONVERSION = YES;
				CLANG_WARN_UNREACHABLE_CODE = YES;
				CLANG_WARN__DUPLICATE_METHOD_MATCH = YES;
				COPY_PHASE_STRIP = NO;
				ENABLE_STRICT_OBJC_MSGSEND = YES;
				GCC_C_LANGUAGE_STANDARD = "compiler-default";
				GCC_DYNAMIC_NO_PIC = NO;
				GCC_ENABLE_OBJC_EXCEPTIONS = YES;
				GCC_NO_COMMON_BLOCKS = YES;
				GCC_OPTIMIZATION_LEVEL = 0;
				GCC_PREPROCESSOR_DEFINITIONS = (
					"DEBUG=1",
					"$(inherited)",
				);
				GCC_SYMBOLS_PRIVATE_EXTERN = NO;
				GCC_VERSION = com.apple.compilers.llvm.clang.1_0;
				GCC_WARN_64_TO_32_BIT_CONVERSION = YES;
				GCC_WARN_ABOUT_MISSING_PROTOTYPES = YES;
				GCC_WARN_ABOUT_RETURN_TYPE = YES;
				GCC_WARN_UNDECLARED_SELECTOR = YES;
				GCC_WARN_UNINITIALIZED_AUTOS = YES;
				GCC_WARN_UNUSED_FUNCTION = YES;
				GCC_WARN_UNUSED_VARIABLE = YES;
				MACOSX_DEPLOYMENT_TARGET = 10.7;
				ONLY_ACTIVE_ARCH = YES;
				SDKROOT = macosx;
			};
			name = Debug;
		};
		57A156CE1593457600AA6445 /* Release */ = {
			isa = XCBuildConfiguration;
			buildSettings = {
				ALWAYS_SEARCH_USER_PATHS = NO;
				CLANG_CXX_LANGUAGE_STANDARD = "compiler-default";
				CLANG_CXX_LIBRARY = "compiler-default";
				CLANG_WARN_BOOL_CONVERSION = YES;
				CLANG_WARN_CONSTANT_CONVERSION = YES;
				CLANG_WARN_EMPTY_BODY = YES;
				CLANG_WARN_ENUM_CONVERSION = YES;
				CLANG_WARN_INT_CONVERSION = YES;
				CLANG_WARN_UNREACHABLE_CODE = YES;
				CLANG_WARN__DUPLICATE_METHOD_MATCH = YES;
				COPY_PHASE_STRIP = YES;
				DEBUG_INFORMATION_FORMAT = "dwarf-with-dsym";
				ENABLE_STRICT_OBJC_MSGSEND = YES;
				GCC_C_LANGUAGE_STANDARD = "compiler-default";
				GCC_ENABLE_OBJC_EXCEPTIONS = YES;
				GCC_NO_COMMON_BLOCKS = YES;
				GCC_OPTIMIZATION_LEVEL = 0;
				GCC_VERSION = com.apple.compilers.llvm.clang.1_0;
				GCC_WARN_64_TO_32_BIT_CONVERSION = YES;
				GCC_WARN_ABOUT_MISSING_PROTOTYPES = YES;
				GCC_WARN_ABOUT_RETURN_TYPE = YES;
				GCC_WARN_UNDECLARED_SELECTOR = YES;
				GCC_WARN_UNINITIALIZED_AUTOS = YES;
				GCC_WARN_UNUSED_FUNCTION = YES;
				GCC_WARN_UNUSED_VARIABLE = YES;
				MACOSX_DEPLOYMENT_TARGET = 10.7;
				SDKROOT = macosx;
			};
			name = Release;
		};
		57A156D01593457600AA6445 /* Debug */ = {
			isa = XCBuildConfiguration;
			buildSettings = {
				ALWAYS_SEARCH_USER_PATHS = YES;
				CLANG_CXX_LANGUAGE_STANDARD = "c++0x";
				CLANG_CXX_LIBRARY = "libc++";
				GCC_C_LANGUAGE_STANDARD = "compiler-default";
				GCC_ENABLE_SSE42_EXTENSIONS = YES;
				GCC_OPTIMIZATION_LEVEL = 0;
				GCC_PREPROCESSOR_DEFINITIONS = (
					"DEBUG=1",
					"__DIR__=\\\"$(SRCROOT)/\\\"",
				);
				GCC_SYMBOLS_PRIVATE_EXTERN = NO;
				GCC_UNROLL_LOOPS = YES;
				GCC_VERSION = com.apple.compilers.llvm.clang.1_0;
				GCC_WARN_UNUSED_VARIABLE = YES;
				LIBRARY_SEARCH_PATHS = (
					"$(inherited)",
					"\"$(SRCROOT)/lib\"",
					"$(PROJECT_DIR)/lib",
				);
				LLVM_LTO = NO;
				MACOSX_DEPLOYMENT_TARGET = "";
				PRODUCT_NAME = SAL_test;
				USER_HEADER_SEARCH_PATHS = "\"$(SRCROOT)/../mcl/include\"/** \"$(SRCROOT)/../mcl/lib\"";
			};
			name = Debug;
		};
		57A156D11593457600AA6445 /* Release */ = {
			isa = XCBuildConfiguration;
			buildSettings = {
				ALWAYS_SEARCH_USER_PATHS = YES;
				CLANG_CXX_LANGUAGE_STANDARD = "c++0x";
				CLANG_CXX_LIBRARY = "libc++";
				GCC_C_LANGUAGE_STANDARD = "compiler-default";
				GCC_ENABLE_SSE42_EXTENSIONS = YES;
				GCC_OPTIMIZATION_LEVEL = 0;
				GCC_PREPROCESSOR_DEFINITIONS = "__DIR__=\\\"$(SRCROOT)/\\\"";
				GCC_SYMBOLS_PRIVATE_EXTERN = NO;
				GCC_UNROLL_LOOPS = YES;
				GCC_VERSION = com.apple.compilers.llvm.clang.1_0;
				GCC_WARN_UNUSED_VARIABLE = YES;
				LIBRARY_SEARCH_PATHS = (
					"$(inherited)",
					"\"$(SRCROOT)/lib\"",
					"$(PROJECT_DIR)/lib",
				);
				LLVM_LTO = NO;
				MACOSX_DEPLOYMENT_TARGET = "";
				PRODUCT_NAME = SAL_test;
				USER_HEADER_SEARCH_PATHS = "\"$(SRCROOT)/../mcl/include\"/** \"$(SRCROOT)/../mcl/lib\"";
			};
			name = Release;
		};
		57A1574715934AEC00AA6445 /* Debug */ = {
			isa = XCBuildConfiguration;
			buildSettings = {
				ALWAYS_SEARCH_USER_PATHS = YES;
				CLANG_CXX_LANGUAGE_STANDARD = "c++0x";
				CLANG_CXX_LIBRARY = "libc++";
				CLANG_X86_VECTOR_INSTRUCTIONS = sse4.2;
				COMBINE_HIDPI_IMAGES = YES;
				EXECUTABLE_PREFIX = lib;
				GCC_ENABLE_CPP_RTTI = YES;
				GCC_ENABLE_KERNEL_DEVELOPMENT = NO;
				GCC_OPTIMIZATION_LEVEL = fast;
				GCC_UNROLL_LOOPS = YES;
				GCC_VERSION = com.apple.compilers.llvm.clang.1_0;
				LIBRARY_SEARCH_PATHS = "\"$(SRCROOT)/lib\"";
				LLVM_LTO = YES;
				LLVM_VECTORIZE_LOOPS = YES;
				MACOSX_DEPLOYMENT_TARGET = "";
				OTHER_CFLAGS = "";
				PRODUCT_NAME = SAL;
				SDKROOT = macosx;
				SKIP_INSTALL = YES;
				USER_HEADER_SEARCH_PATHS = "\"$(SRCROOT)/../mcl/include\"/**";
			};
			name = Debug;
		};
		57A1574815934AEC00AA6445 /* Release */ = {
			isa = XCBuildConfiguration;
			buildSettings = {
				ALWAYS_SEARCH_USER_PATHS = YES;
				CLANG_CXX_LANGUAGE_STANDARD = "c++0x";
				CLANG_CXX_LIBRARY = "libc++";
				CLANG_X86_VECTOR_INSTRUCTIONS = sse4.2;
				COMBINE_HIDPI_IMAGES = YES;
				EXECUTABLE_PREFIX = lib;
				GCC_ENABLE_CPP_RTTI = YES;
				GCC_ENABLE_KERNEL_DEVELOPMENT = NO;
				GCC_OPTIMIZATION_LEVEL = fast;
				GCC_UNROLL_LOOPS = YES;
				GCC_VERSION = com.apple.compilers.llvm.clang.1_0;
				LIBRARY_SEARCH_PATHS = "\"$(SRCROOT)/lib\"";
				LLVM_LTO = YES;
				LLVM_VECTORIZE_LOOPS = YES;
				MACOSX_DEPLOYMENT_TARGET = "";
				OTHER_CFLAGS = "-DNDEBUG";
				PRODUCT_NAME = SAL;
				SDKROOT = macosx;
				SKIP_INSTALL = YES;
				USER_HEADER_SEARCH_PATHS = "\"$(SRCROOT)/../mcl/include\"/**";
			};
			name = Release;
		};
/* End XCBuildConfiguration section */

/* Begin XCConfigurationList section */
		572A879519C0712500F62F8F /* Build configuration list for PBXNativeTarget "SALiOS" */ = {
			isa = XCConfigurationList;
			buildConfigurations = (
				572A879619C0712500F62F8F /* Debug */,
				572A879719C0712500F62F8F /* Release */,
			);
			defaultConfigurationIsVisible = 0;
			defaultConfigurationName = Release;
		};
		57A156BF1593457600AA6445 /* Build configuration list for PBXProject "SAL" */ = {
			isa = XCConfigurationList;
			buildConfigurations = (
				57A156CD1593457600AA6445 /* Debug */,
				57A156CE1593457600AA6445 /* Release */,
			);
			defaultConfigurationIsVisible = 0;
			defaultConfigurationName = Release;
		};
		57A156CF1593457600AA6445 /* Build configuration list for PBXNativeTarget "SAL_test" */ = {
			isa = XCConfigurationList;
			buildConfigurations = (
				57A156D01593457600AA6445 /* Debug */,
				57A156D11593457600AA6445 /* Release */,
			);
			defaultConfigurationIsVisible = 0;
			defaultConfigurationName = Release;
		};
		57A1574615934AEC00AA6445 /* Build configuration list for PBXNativeTarget "SAL" */ = {
			isa = XCConfigurationList;
			buildConfigurations = (
				57A1574715934AEC00AA6445 /* Debug */,
				57A1574815934AEC00AA6445 /* Release */,
			);
			defaultConfigurationIsVisible = 0;
			defaultConfigurationName = Release;
		};
/* End XCConfigurationList section */
	};
	rootObject = 57A156BC1593457600AA6445 /* Project object */;
}
